// !$*UTF8*$!
{
	archiveVersion = 1;
	classes = {
	};
	objectVersion = 55;
	objects = {

/* Begin PBXBuildFile section */
		3306B7AF27764D6700C56F77 /* symbol1.usdz in Resources */ = {isa = PBXBuildFile; fileRef = 3306B7AE27764D6700C56F77 /* symbol1.usdz */; };
		3341C7DC2776418E0056969C /* AppDelegate.swift in Sources */ = {isa = PBXBuildFile; fileRef = 3341C7DB2776418E0056969C /* AppDelegate.swift */; };
		3341C7DE2776418E0056969C /* ViewController.swift in Sources */ = {isa = PBXBuildFile; fileRef = 3341C7DD2776418E0056969C /* ViewController.swift */; };
		3341C7E32776418E0056969C /* Main.storyboard in Resources */ = {isa = PBXBuildFile; fileRef = 3341C7E12776418E0056969C /* Main.storyboard */; };
		3341C7E5277641900056969C /* Assets.xcassets in Resources */ = {isa = PBXBuildFile; fileRef = 3341C7E4277641900056969C /* Assets.xcassets */; };
		3341C7E8277641900056969C /* LaunchScreen.storyboard in Resources */ = {isa = PBXBuildFile; fileRef = 3341C7E6277641900056969C /* LaunchScreen.storyboard */; };
		3341C7F2277641900056969C /* ARMusicTests.swift in Sources */ = {isa = PBXBuildFile; fileRef = 3341C7F1277641900056969C /* ARMusicTests.swift */; };
		3341C7FC277641900056969C /* ARMusicUITests.swift in Sources */ = {isa = PBXBuildFile; fileRef = 3341C7FB277641900056969C /* ARMusicUITests.swift */; };
		3341C7FE277641900056969C /* ARMusicUITestsLaunchTests.swift in Sources */ = {isa = PBXBuildFile; fileRef = 3341C7FD277641900056969C /* ARMusicUITestsLaunchTests.swift */; };
		3341C80C277642120056969C /* Entity+setSize.swift in Sources */ = {isa = PBXBuildFile; fileRef = 3341C80B277642120056969C /* Entity+setSize.swift */; };
		3341C80E2776422D0056969C /* InstrumentComponent.swift in Sources */ = {isa = PBXBuildFile; fileRef = 3341C80D2776422D0056969C /* InstrumentComponent.swift */; };
		3341C810277642400056969C /* InstrumentEntity.swift in Sources */ = {isa = PBXBuildFile; fileRef = 3341C80F277642400056969C /* InstrumentEntity.swift */; };
		3341C8122776427B0056969C /* gramophone.usdz in Resources */ = {isa = PBXBuildFile; fileRef = 3341C8112776427B0056969C /* gramophone.usdz */; };
		3341C814277642910056969C /* gramophone.mp3 in Resources */ = {isa = PBXBuildFile; fileRef = 3341C813277642910056969C /* gramophone.mp3 */; };
		338B3B832776FFA7005EA5A5 /* symbol2.usdz in Resources */ = {isa = PBXBuildFile; fileRef = 338B3B822776FFA7005EA5A5 /* symbol2.usdz */; };
/* End PBXBuildFile section */

/* Begin PBXContainerItemProxy section */
		3341C7EE277641900056969C /* PBXContainerItemProxy */ = {
			isa = PBXContainerItemProxy;
			containerPortal = 3341C7D02776418E0056969C /* Project object */;
			proxyType = 1;
			remoteGlobalIDString = 3341C7D72776418E0056969C;
			remoteInfo = ARMusic;
		};
		3341C7F8277641900056969C /* PBXContainerItemProxy */ = {
			isa = PBXContainerItemProxy;
			containerPortal = 3341C7D02776418E0056969C /* Project object */;
			proxyType = 1;
			remoteGlobalIDString = 3341C7D72776418E0056969C;
			remoteInfo = ARMusic;
		};
/* End PBXContainerItemProxy section */

/* Begin PBXFileReference section */
		3306B7AE27764D6700C56F77 /* symbol1.usdz */ = {isa = PBXFileReference; lastKnownFileType = file.usdz; path = symbol1.usdz; sourceTree = "<group>"; };
		3341C7D82776418E0056969C /* ARMusic.app */ = {isa = PBXFileReference; explicitFileType = wrapper.application; includeInIndex = 0; path = ARMusic.app; sourceTree = BUILT_PRODUCTS_DIR; };
		3341C7DB2776418E0056969C /* AppDelegate.swift */ = {isa = PBXFileReference; lastKnownFileType = sourcecode.swift; path = AppDelegate.swift; sourceTree = "<group>"; };
		3341C7DD2776418E0056969C /* ViewController.swift */ = {isa = PBXFileReference; lastKnownFileType = sourcecode.swift; path = ViewController.swift; sourceTree = "<group>"; };
		3341C7E22776418E0056969C /* Base */ = {isa = PBXFileReference; lastKnownFileType = file.storyboard; name = Base; path = Base.lproj/Main.storyboard; sourceTree = "<group>"; };
		3341C7E4277641900056969C /* Assets.xcassets */ = {isa = PBXFileReference; lastKnownFileType = folder.assetcatalog; path = Assets.xcassets; sourceTree = "<group>"; };
		3341C7E7277641900056969C /* Base */ = {isa = PBXFileReference; lastKnownFileType = file.storyboard; name = Base; path = Base.lproj/LaunchScreen.storyboard; sourceTree = "<group>"; };
		3341C7ED277641900056969C /* ARMusicTests.xctest */ = {isa = PBXFileReference; explicitFileType = wrapper.cfbundle; includeInIndex = 0; path = ARMusicTests.xctest; sourceTree = BUILT_PRODUCTS_DIR; };
		3341C7F1277641900056969C /* ARMusicTests.swift */ = {isa = PBXFileReference; lastKnownFileType = sourcecode.swift; path = ARMusicTests.swift; sourceTree = "<group>"; };
		3341C7F7277641900056969C /* ARMusicUITests.xctest */ = {isa = PBXFileReference; explicitFileType = wrapper.cfbundle; includeInIndex = 0; path = ARMusicUITests.xctest; sourceTree = BUILT_PRODUCTS_DIR; };
		3341C7FB277641900056969C /* ARMusicUITests.swift */ = {isa = PBXFileReference; lastKnownFileType = sourcecode.swift; path = ARMusicUITests.swift; sourceTree = "<group>"; };
		3341C7FD277641900056969C /* ARMusicUITestsLaunchTests.swift */ = {isa = PBXFileReference; lastKnownFileType = sourcecode.swift; path = ARMusicUITestsLaunchTests.swift; sourceTree = "<group>"; };
		3341C80B277642120056969C /* Entity+setSize.swift */ = {isa = PBXFileReference; lastKnownFileType = sourcecode.swift; path = "Entity+setSize.swift"; sourceTree = "<group>"; };
		3341C80D2776422D0056969C /* InstrumentComponent.swift */ = {isa = PBXFileReference; lastKnownFileType = sourcecode.swift; path = InstrumentComponent.swift; sourceTree = "<group>"; };
		3341C80F277642400056969C /* InstrumentEntity.swift */ = {isa = PBXFileReference; lastKnownFileType = sourcecode.swift; path = InstrumentEntity.swift; sourceTree = "<group>"; };
		3341C8112776427B0056969C /* gramophone.usdz */ = {isa = PBXFileReference; lastKnownFileType = file.usdz; path = gramophone.usdz; sourceTree = "<group>"; };
		3341C813277642910056969C /* gramophone.mp3 */ = {isa = PBXFileReference; lastKnownFileType = audio.mp3; path = gramophone.mp3; sourceTree = "<group>"; };
		338B3B822776FFA7005EA5A5 /* symbol2.usdz */ = {isa = PBXFileReference; lastKnownFileType = file.usdz; path = symbol2.usdz; sourceTree = "<group>"; };
/* End PBXFileReference section */

/* Begin PBXFrameworksBuildPhase section */
		3341C7D52776418E0056969C /* Frameworks */ = {
			isa = PBXFrameworksBuildPhase;
			buildActionMask = 2147483647;
			files = (
			);
			runOnlyForDeploymentPostprocessing = 0;
		};
		3341C7EA277641900056969C /* Frameworks */ = {
			isa = PBXFrameworksBuildPhase;
			buildActionMask = 2147483647;
			files = (
			);
			runOnlyForDeploymentPostprocessing = 0;
		};
		3341C7F4277641900056969C /* Frameworks */ = {
			isa = PBXFrameworksBuildPhase;
			buildActionMask = 2147483647;
			files = (
			);
			runOnlyForDeploymentPostprocessing = 0;
		};
/* End PBXFrameworksBuildPhase section */

/* Begin PBXGroup section */
		3341C7CF2776418E0056969C = {
			isa = PBXGroup;
			children = (
				3341C7DA2776418E0056969C /* ARMusic */,
				3341C7F0277641900056969C /* ARMusicTests */,
				3341C7FA277641900056969C /* ARMusicUITests */,
				3341C7D92776418E0056969C /* Products */,
			);
			sourceTree = "<group>";
		};
		3341C7D92776418E0056969C /* Products */ = {
			isa = PBXGroup;
			children = (
				3341C7D82776418E0056969C /* ARMusic.app */,
				3341C7ED277641900056969C /* ARMusicTests.xctest */,
				3341C7F7277641900056969C /* ARMusicUITests.xctest */,
			);
			name = Products;
			sourceTree = "<group>";
		};
		3341C7DA2776418E0056969C /* ARMusic */ = {
			isa = PBXGroup;
			children = (
				3341C80A277641B80056969C /* Resources */,
				3341C7DB2776418E0056969C /* AppDelegate.swift */,
				3341C80B277642120056969C /* Entity+setSize.swift */,
				3341C80D2776422D0056969C /* InstrumentComponent.swift */,
				3341C80F277642400056969C /* InstrumentEntity.swift */,
				3341C7DD2776418E0056969C /* ViewController.swift */,
				3341C7E12776418E0056969C /* Main.storyboard */,
				3341C7E4277641900056969C /* Assets.xcassets */,
				3341C7E6277641900056969C /* LaunchScreen.storyboard */,
			);
			path = ARMusic;
			sourceTree = "<group>";
		};
		3341C7F0277641900056969C /* ARMusicTests */ = {
			isa = PBXGroup;
			children = (
				3341C7F1277641900056969C /* ARMusicTests.swift */,
			);
			path = ARMusicTests;
			sourceTree = "<group>";
		};
		3341C7FA277641900056969C /* ARMusicUITests */ = {
			isa = PBXGroup;
			children = (
				3341C7FB277641900056969C /* ARMusicUITests.swift */,
				3341C7FD277641900056969C /* ARMusicUITestsLaunchTests.swift */,
			);
			path = ARMusicUITests;
			sourceTree = "<group>";
		};
		3341C80A277641B80056969C /* Resources */ = {
			isa = PBXGroup;
			children = (
				3341C813277642910056969C /* gramophone.mp3 */,
				3341C8112776427B0056969C /* gramophone.usdz */,
				338B3B822776FFA7005EA5A5 /* symbol2.usdz */,
				3306B7AE27764D6700C56F77 /* symbol1.usdz */,
			);
			path = Resources;
			sourceTree = "<group>";
		};
/* End PBXGroup section */

/* Begin PBXNativeTarget section */
		3341C7D72776418E0056969C /* ARMusic */ = {
			isa = PBXNativeTarget;
			buildConfigurationList = 3341C801277641900056969C /* Build configuration list for PBXNativeTarget "ARMusic" */;
			buildPhases = (
				3341C7D42776418E0056969C /* Sources */,
				3341C7D52776418E0056969C /* Frameworks */,
				3341C7D62776418E0056969C /* Resources */,
			);
			buildRules = (
			);
			dependencies = (
			);
			name = ARMusic;
			productName = ARMusic;
			productReference = 3341C7D82776418E0056969C /* ARMusic.app */;
			productType = "com.apple.product-type.application";
		};
		3341C7EC277641900056969C /* ARMusicTests */ = {
			isa = PBXNativeTarget;
			buildConfigurationList = 3341C804277641900056969C /* Build configuration list for PBXNativeTarget "ARMusicTests" */;
			buildPhases = (
				3341C7E9277641900056969C /* Sources */,
				3341C7EA277641900056969C /* Frameworks */,
				3341C7EB277641900056969C /* Resources */,
			);
			buildRules = (
			);
			dependencies = (
				3341C7EF277641900056969C /* PBXTargetDependency */,
			);
			name = ARMusicTests;
			productName = ARMusicTests;
			productReference = 3341C7ED277641900056969C /* ARMusicTests.xctest */;
			productType = "com.apple.product-type.bundle.unit-test";
		};
		3341C7F6277641900056969C /* ARMusicUITests */ = {
			isa = PBXNativeTarget;
			buildConfigurationList = 3341C807277641900056969C /* Build configuration list for PBXNativeTarget "ARMusicUITests" */;
			buildPhases = (
				3341C7F3277641900056969C /* Sources */,
				3341C7F4277641900056969C /* Frameworks */,
				3341C7F5277641900056969C /* Resources */,
			);
			buildRules = (
			);
			dependencies = (
				3341C7F9277641900056969C /* PBXTargetDependency */,
			);
			name = ARMusicUITests;
			productName = ARMusicUITests;
			productReference = 3341C7F7277641900056969C /* ARMusicUITests.xctest */;
			productType = "com.apple.product-type.bundle.ui-testing";
		};
/* End PBXNativeTarget section */

/* Begin PBXProject section */
		3341C7D02776418E0056969C /* Project object */ = {
			isa = PBXProject;
			attributes = {
				BuildIndependentTargetsInParallel = 1;
				LastSwiftUpdateCheck = 1310;
				LastUpgradeCheck = 1310;
				TargetAttributes = {
					3341C7D72776418E0056969C = {
						CreatedOnToolsVersion = 13.1;
					};
					3341C7EC277641900056969C = {
						CreatedOnToolsVersion = 13.1;
						TestTargetID = 3341C7D72776418E0056969C;
					};
					3341C7F6277641900056969C = {
						CreatedOnToolsVersion = 13.1;
						TestTargetID = 3341C7D72776418E0056969C;
					};
				};
			};
			buildConfigurationList = 3341C7D32776418E0056969C /* Build configuration list for PBXProject "ARMusic" */;
			compatibilityVersion = "Xcode 13.0";
			developmentRegion = en;
			hasScannedForEncodings = 0;
			knownRegions = (
				en,
				Base,
			);
			mainGroup = 3341C7CF2776418E0056969C;
			productRefGroup = 3341C7D92776418E0056969C /* Products */;
			projectDirPath = "";
			projectRoot = "";
			targets = (
				3341C7D72776418E0056969C /* ARMusic */,
				3341C7EC277641900056969C /* ARMusicTests */,
				3341C7F6277641900056969C /* ARMusicUITests */,
			);
		};
/* End PBXProject section */

/* Begin PBXResourcesBuildPhase section */
		3341C7D62776418E0056969C /* Resources */ = {
			isa = PBXResourcesBuildPhase;
			buildActionMask = 2147483647;
			files = (
				3341C7E8277641900056969C /* LaunchScreen.storyboard in Resources */,
				3306B7AF27764D6700C56F77 /* symbol1.usdz in Resources */,
				3341C7E5277641900056969C /* Assets.xcassets in Resources */,
				3341C7E32776418E0056969C /* Main.storyboard in Resources */,
				338B3B832776FFA7005EA5A5 /* symbol2.usdz in Resources */,
				3341C814277642910056969C /* gramophone.mp3 in Resources */,
				3341C8122776427B0056969C /* gramophone.usdz in Resources */,
			);
			runOnlyForDeploymentPostprocessing = 0;
		};
		3341C7EB277641900056969C /* Resources */ = {
			isa = PBXResourcesBuildPhase;
			buildActionMask = 2147483647;
			files = (
			);
			runOnlyForDeploymentPostprocessing = 0;
		};
		3341C7F5277641900056969C /* Resources */ = {
			isa = PBXResourcesBuildPhase;
			buildActionMask = 2147483647;
			files = (
			);
			runOnlyForDeploymentPostprocessing = 0;
		};
/* End PBXResourcesBuildPhase section */

/* Begin PBXSourcesBuildPhase section */
		3341C7D42776418E0056969C /* Sources */ = {
			isa = PBXSourcesBuildPhase;
			buildActionMask = 2147483647;
			files = (
				3341C810277642400056969C /* InstrumentEntity.swift in Sources */,
				3341C80E2776422D0056969C /* InstrumentComponent.swift in Sources */,
				3341C80C277642120056969C /* Entity+setSize.swift in Sources */,
				3341C7DE2776418E0056969C /* ViewController.swift in Sources */,
				3341C7DC2776418E0056969C /* AppDelegate.swift in Sources */,
			);
			runOnlyForDeploymentPostprocessing = 0;
		};
		3341C7E9277641900056969C /* Sources */ = {
			isa = PBXSourcesBuildPhase;
			buildActionMask = 2147483647;
			files = (
				3341C7F2277641900056969C /* ARMusicTests.swift in Sources */,
			);
			runOnlyForDeploymentPostprocessing = 0;
		};
		3341C7F3277641900056969C /* Sources */ = {
			isa = PBXSourcesBuildPhase;
			buildActionMask = 2147483647;
			files = (
				3341C7FC277641900056969C /* ARMusicUITests.swift in Sources */,
				3341C7FE277641900056969C /* ARMusicUITestsLaunchTests.swift in Sources */,
			);
			runOnlyForDeploymentPostprocessing = 0;
		};
/* End PBXSourcesBuildPhase section */

/* Begin PBXTargetDependency section */
		3341C7EF277641900056969C /* PBXTargetDependency */ = {
			isa = PBXTargetDependency;
			target = 3341C7D72776418E0056969C /* ARMusic */;
			targetProxy = 3341C7EE277641900056969C /* PBXContainerItemProxy */;
		};
		3341C7F9277641900056969C /* PBXTargetDependency */ = {
			isa = PBXTargetDependency;
			target = 3341C7D72776418E0056969C /* ARMusic */;
			targetProxy = 3341C7F8277641900056969C /* PBXContainerItemProxy */;
		};
/* End PBXTargetDependency section */

/* Begin PBXVariantGroup section */
		3341C7E12776418E0056969C /* Main.storyboard */ = {
			isa = PBXVariantGroup;
			children = (
				3341C7E22776418E0056969C /* Base */,
			);
			name = Main.storyboard;
			sourceTree = "<group>";
		};
		3341C7E6277641900056969C /* LaunchScreen.storyboard */ = {
			isa = PBXVariantGroup;
			children = (
				3341C7E7277641900056969C /* Base */,
			);
			name = LaunchScreen.storyboard;
			sourceTree = "<group>";
		};
/* End PBXVariantGroup section */

/* Begin XCBuildConfiguration section */
		3341C7FF277641900056969C /* Debug */ = {
			isa = XCBuildConfiguration;
			buildSettings = {
				ALWAYS_SEARCH_USER_PATHS = NO;
				CLANG_ANALYZER_NONNULL = YES;
				CLANG_ANALYZER_NUMBER_OBJECT_CONVERSION = YES_AGGRESSIVE;
				CLANG_CXX_LANGUAGE_STANDARD = "gnu++17";
				CLANG_CXX_LIBRARY = "libc++";
				CLANG_ENABLE_MODULES = YES;
				CLANG_ENABLE_OBJC_ARC = YES;
				CLANG_ENABLE_OBJC_WEAK = YES;
				CLANG_WARN_BLOCK_CAPTURE_AUTORELEASING = YES;
				CLANG_WARN_BOOL_CONVERSION = YES;
				CLANG_WARN_COMMA = YES;
				CLANG_WARN_CONSTANT_CONVERSION = YES;
				CLANG_WARN_DEPRECATED_OBJC_IMPLEMENTATIONS = YES;
				CLANG_WARN_DIRECT_OBJC_ISA_USAGE = YES_ERROR;
				CLANG_WARN_DOCUMENTATION_COMMENTS = YES;
				CLANG_WARN_EMPTY_BODY = YES;
				CLANG_WARN_ENUM_CONVERSION = YES;
				CLANG_WARN_INFINITE_RECURSION = YES;
				CLANG_WARN_INT_CONVERSION = YES;
				CLANG_WARN_NON_LITERAL_NULL_CONVERSION = YES;
				CLANG_WARN_OBJC_IMPLICIT_RETAIN_SELF = YES;
				CLANG_WARN_OBJC_LITERAL_CONVERSION = YES;
				CLANG_WARN_OBJC_ROOT_CLASS = YES_ERROR;
				CLANG_WARN_QUOTED_INCLUDE_IN_FRAMEWORK_HEADER = YES;
				CLANG_WARN_RANGE_LOOP_ANALYSIS = YES;
				CLANG_WARN_STRICT_PROTOTYPES = YES;
				CLANG_WARN_SUSPICIOUS_MOVE = YES;
				CLANG_WARN_UNGUARDED_AVAILABILITY = YES_AGGRESSIVE;
				CLANG_WARN_UNREACHABLE_CODE = YES;
				CLANG_WARN__DUPLICATE_METHOD_MATCH = YES;
				COPY_PHASE_STRIP = NO;
				DEBUG_INFORMATION_FORMAT = dwarf;
				ENABLE_STRICT_OBJC_MSGSEND = YES;
				ENABLE_TESTABILITY = YES;
				GCC_C_LANGUAGE_STANDARD = gnu11;
				GCC_DYNAMIC_NO_PIC = NO;
				GCC_NO_COMMON_BLOCKS = YES;
				GCC_OPTIMIZATION_LEVEL = 0;
				GCC_PREPROCESSOR_DEFINITIONS = (
					"DEBUG=1",
					"$(inherited)",
				);
				GCC_WARN_64_TO_32_BIT_CONVERSION = YES;
				GCC_WARN_ABOUT_RETURN_TYPE = YES_ERROR;
				GCC_WARN_UNDECLARED_SELECTOR = YES;
				GCC_WARN_UNINITIALIZED_AUTOS = YES_AGGRESSIVE;
				GCC_WARN_UNUSED_FUNCTION = YES;
				GCC_WARN_UNUSED_VARIABLE = YES;
				IPHONEOS_DEPLOYMENT_TARGET = 15.0;
				MTL_ENABLE_DEBUG_INFO = INCLUDE_SOURCE;
				MTL_FAST_MATH = YES;
				ONLY_ACTIVE_ARCH = YES;
				SDKROOT = iphoneos;
				SWIFT_ACTIVE_COMPILATION_CONDITIONS = DEBUG;
				SWIFT_OPTIMIZATION_LEVEL = "-Onone";
			};
			name = Debug;
		};
		3341C800277641900056969C /* Release */ = {
			isa = XCBuildConfiguration;
			buildSettings = {
				ALWAYS_SEARCH_USER_PATHS = NO;
				CLANG_ANALYZER_NONNULL = YES;
				CLANG_ANALYZER_NUMBER_OBJECT_CONVERSION = YES_AGGRESSIVE;
				CLANG_CXX_LANGUAGE_STANDARD = "gnu++17";
				CLANG_CXX_LIBRARY = "libc++";
				CLANG_ENABLE_MODULES = YES;
				CLANG_ENABLE_OBJC_ARC = YES;
				CLANG_ENABLE_OBJC_WEAK = YES;
				CLANG_WARN_BLOCK_CAPTURE_AUTORELEASING = YES;
				CLANG_WARN_BOOL_CONVERSION = YES;
				CLANG_WARN_COMMA = YES;
				CLANG_WARN_CONSTANT_CONVERSION = YES;
				CLANG_WARN_DEPRECATED_OBJC_IMPLEMENTATIONS = YES;
				CLANG_WARN_DIRECT_OBJC_ISA_USAGE = YES_ERROR;
				CLANG_WARN_DOCUMENTATION_COMMENTS = YES;
				CLANG_WARN_EMPTY_BODY = YES;
				CLANG_WARN_ENUM_CONVERSION = YES;
				CLANG_WARN_INFINITE_RECURSION = YES;
				CLANG_WARN_INT_CONVERSION = YES;
				CLANG_WARN_NON_LITERAL_NULL_CONVERSION = YES;
				CLANG_WARN_OBJC_IMPLICIT_RETAIN_SELF = YES;
				CLANG_WARN_OBJC_LITERAL_CONVERSION = YES;
				CLANG_WARN_OBJC_ROOT_CLASS = YES_ERROR;
				CLANG_WARN_QUOTED_INCLUDE_IN_FRAMEWORK_HEADER = YES;
				CLANG_WARN_RANGE_LOOP_ANALYSIS = YES;
				CLANG_WARN_STRICT_PROTOTYPES = YES;
				CLANG_WARN_SUSPICIOUS_MOVE = YES;
				CLANG_WARN_UNGUARDED_AVAILABILITY = YES_AGGRESSIVE;
				CLANG_WARN_UNREACHABLE_CODE = YES;
				CLANG_WARN__DUPLICATE_METHOD_MATCH = YES;
				COPY_PHASE_STRIP = NO;
				DEBUG_INFORMATION_FORMAT = "dwarf-with-dsym";
				ENABLE_NS_ASSERTIONS = NO;
				ENABLE_STRICT_OBJC_MSGSEND = YES;
				GCC_C_LANGUAGE_STANDARD = gnu11;
				GCC_NO_COMMON_BLOCKS = YES;
				GCC_WARN_64_TO_32_BIT_CONVERSION = YES;
				GCC_WARN_ABOUT_RETURN_TYPE = YES_ERROR;
				GCC_WARN_UNDECLARED_SELECTOR = YES;
				GCC_WARN_UNINITIALIZED_AUTOS = YES_AGGRESSIVE;
				GCC_WARN_UNUSED_FUNCTION = YES;
				GCC_WARN_UNUSED_VARIABLE = YES;
				IPHONEOS_DEPLOYMENT_TARGET = 15.0;
				MTL_ENABLE_DEBUG_INFO = NO;
				MTL_FAST_MATH = YES;
				SDKROOT = iphoneos;
				SWIFT_COMPILATION_MODE = wholemodule;
				SWIFT_OPTIMIZATION_LEVEL = "-O";
				VALIDATE_PRODUCT = YES;
			};
			name = Release;
		};
		3341C802277641900056969C /* Debug */ = {
			isa = XCBuildConfiguration;
			buildSettings = {
				ASSETCATALOG_COMPILER_APPICON_NAME = AppIcon;
				ASSETCATALOG_COMPILER_GLOBAL_ACCENT_COLOR_NAME = AccentColor;
				CODE_SIGN_STYLE = Automatic;
				CURRENT_PROJECT_VERSION = 1;
				DEVELOPMENT_TEAM = W5P63SATTK;
				GENERATE_INFOPLIST_FILE = YES;
				INFOPLIST_KEY_NSCameraUsageDescription = "";
				INFOPLIST_KEY_UIApplicationSupportsIndirectInputEvents = YES;
				INFOPLIST_KEY_UILaunchStoryboardName = LaunchScreen;
				INFOPLIST_KEY_UIMainStoryboardFile = Main;
				INFOPLIST_KEY_UIRequiredDeviceCapabilities = arkit;
				INFOPLIST_KEY_UIStatusBarHidden = YES;
				INFOPLIST_KEY_UISupportedInterfaceOrientations_iPad = "UIInterfaceOrientationPortrait UIInterfaceOrientationPortraitUpsideDown UIInterfaceOrientationLandscapeLeft UIInterfaceOrientationLandscapeRight";
				INFOPLIST_KEY_UISupportedInterfaceOrientations_iPhone = "UIInterfaceOrientationPortrait UIInterfaceOrientationLandscapeLeft UIInterfaceOrientationLandscapeRight";
				LD_RUNPATH_SEARCH_PATHS = (
					"$(inherited)",
					"@executable_path/Frameworks",
				);
				MARKETING_VERSION = 1.0;
				PRODUCT_BUNDLE_IDENTIFIER = Acacia.ARMusic;
				PRODUCT_NAME = "$(TARGET_NAME)";
				SWIFT_EMIT_LOC_STRINGS = YES;
				SWIFT_VERSION = 5.0;
				TARGETED_DEVICE_FAMILY = "1,2";
			};
			name = Debug;
		};
		3341C803277641900056969C /* Release */ = {
			isa = XCBuildConfiguration;
			buildSettings = {
				ASSETCATALOG_COMPILER_APPICON_NAME = AppIcon;
				ASSETCATALOG_COMPILER_GLOBAL_ACCENT_COLOR_NAME = AccentColor;
				CODE_SIGN_STYLE = Automatic;
				CURRENT_PROJECT_VERSION = 1;
				DEVELOPMENT_TEAM = W5P63SATTK;
				GENERATE_INFOPLIST_FILE = YES;
				INFOPLIST_KEY_NSCameraUsageDescription = "";
				INFOPLIST_KEY_UIApplicationSupportsIndirectInputEvents = YES;
				INFOPLIST_KEY_UILaunchStoryboardName = LaunchScreen;
				INFOPLIST_KEY_UIMainStoryboardFile = Main;
				INFOPLIST_KEY_UIRequiredDeviceCapabilities = arkit;
				INFOPLIST_KEY_UIStatusBarHidden = YES;
				INFOPLIST_KEY_UISupportedInterfaceOrientations_iPad = "UIInterfaceOrientationPortrait UIInterfaceOrientationPortraitUpsideDown UIInterfaceOrientationLandscapeLeft UIInterfaceOrientationLandscapeRight";
				INFOPLIST_KEY_UISupportedInterfaceOrientations_iPhone = "UIInterfaceOrientationPortrait UIInterfaceOrientationLandscapeLeft UIInterfaceOrientationLandscapeRight";
				LD_RUNPATH_SEARCH_PATHS = (
					"$(inherited)",
					"@executable_path/Frameworks",
				);
				MARKETING_VERSION = 1.0;
				PRODUCT_BUNDLE_IDENTIFIER = Acacia.ARMusic;
				PRODUCT_NAME = "$(TARGET_NAME)";
				SWIFT_EMIT_LOC_STRINGS = YES;
				SWIFT_VERSION = 5.0;
				TARGETED_DEVICE_FAMILY = "1,2";
			};
			name = Release;
		};
		3341C805277641900056969C /* Debug */ = {
			isa = XCBuildConfiguration;
			buildSettings = {
				ALWAYS_EMBED_SWIFT_STANDARD_LIBRARIES = YES;
				BUNDLE_LOADER = "$(TEST_HOST)";
				CODE_SIGN_STYLE = Automatic;
				CURRENT_PROJECT_VERSION = 1;
				DEVELOPMENT_TEAM = W5P63SATTK;
				GENERATE_INFOPLIST_FILE = YES;
				IPHONEOS_DEPLOYMENT_TARGET = 15.0;
				LD_RUNPATH_SEARCH_PATHS = (
					"$(inherited)",
					"@executable_path/Frameworks",
					"@loader_path/Frameworks",
				);
				MARKETING_VERSION = 1.0;
				PRODUCT_BUNDLE_IDENTIFIER = Acacia.ARMusicTests;
				PRODUCT_NAME = "$(TARGET_NAME)";
				SWIFT_EMIT_LOC_STRINGS = NO;
				SWIFT_VERSION = 5.0;
				TARGETED_DEVICE_FAMILY = "1,2";
				TEST_HOST = "$(BUILT_PRODUCTS_DIR)/ARMusic.app/ARMusic";
			};
			name = Debug;
		};
		3341C806277641900056969C /* Release */ = {
			isa = XCBuildConfiguration;
			buildSettings = {
				ALWAYS_EMBED_SWIFT_STANDARD_LIBRARIES = YES;
				BUNDLE_LOADER = "$(TEST_HOST)";
				CODE_SIGN_STYLE = Automatic;
				CURRENT_PROJECT_VERSION = 1;
				DEVELOPMENT_TEAM = W5P63SATTK;
				GENERATE_INFOPLIST_FILE = YES;
				IPHONEOS_DEPLOYMENT_TARGET = 15.0;
				LD_RUNPATH_SEARCH_PATHS = (
					"$(inherited)",
					"@executable_path/Frameworks",
					"@loader_path/Frameworks",
				);
				MARKETING_VERSION = 1.0;
				PRODUCT_BUNDLE_IDENTIFIER = Acacia.ARMusicTests;
				PRODUCT_NAME = "$(TARGET_NAME)";
				SWIFT_EMIT_LOC_STRINGS = NO;
				SWIFT_VERSION = 5.0;
				TARGETED_DEVICE_FAMILY = "1,2";
				TEST_HOST = "$(BUILT_PRODUCTS_DIR)/ARMusic.app/ARMusic";
			};
			name = Release;
		};
		3341C808277641900056969C /* Debug */ = {
			isa = XCBuildConfiguration;
			buildSettings = {
				ALWAYS_EMBED_SWIFT_STANDARD_LIBRARIES = YES;
				CODE_SIGN_STYLE = Automatic;
				CURRENT_PROJECT_VERSION = 1;
				DEVELOPMENT_TEAM = W5P63SATTK;
				GENERATE_INFOPLIST_FILE = YES;
				LD_RUNPATH_SEARCH_PATHS = (
					"$(inherited)",
					"@executable_path/Frameworks",
					"@loader_path/Frameworks",
				);
				MARKETING_VERSION = 1.0;
				PRODUCT_BUNDLE_IDENTIFIER = Acacia.ARMusicUITests;
				PRODUCT_NAME = "$(TARGET_NAME)";
				SWIFT_EMIT_LOC_STRINGS = NO;
				SWIFT_VERSION = 5.0;
				TARGETED_DEVICE_FAMILY = "1,2";
				TEST_TARGET_NAME = ARMusic;
			};
			name = Debug;
		};
		3341C809277641900056969C /* Release */ = {
			isa = XCBuildConfiguration;
			buildSettings = {
				ALWAYS_EMBED_SWIFT_STANDARD_LIBRARIES = YES;
				CODE_SIGN_STYLE = Automatic;
				CURRENT_PROJECT_VERSION = 1;
				DEVELOPMENT_TEAM = W5P63SATTK;
				GENERATE_INFOPLIST_FILE = YES;
				LD_RUNPATH_SEARCH_PATHS = (
					"$(inherited)",
					"@executable_path/Frameworks",
					"@loader_path/Frameworks",
				);
				MARKETING_VERSION = 1.0;
				PRODUCT_BUNDLE_IDENTIFIER = Acacia.ARMusicUITests;
				PRODUCT_NAME = "$(TARGET_NAME)";
				SWIFT_EMIT_LOC_STRINGS = NO;
				SWIFT_VERSION = 5.0;
				TARGETED_DEVICE_FAMILY = "1,2";
				TEST_TARGET_NAME = ARMusic;
			};
			name = Release;
		};
/* End XCBuildConfiguration section */

/* Begin XCConfigurationList section */
		3341C7D32776418E0056969C /* Build configuration list for PBXProject "ARMusic" */ = {
			isa = XCConfigurationList;
			buildConfigurations = (
				3341C7FF277641900056969C /* Debug */,
				3341C800277641900056969C /* Release */,
			);
			defaultConfigurationIsVisible = 0;
			defaultConfigurationName = Release;
		};
		3341C801277641900056969C /* Build configuration list for PBXNativeTarget "ARMusic" */ = {
			isa = XCConfigurationList;
			buildConfigurations = (
				3341C802277641900056969C /* Debug */,
				3341C803277641900056969C /* Release */,
			);
			defaultConfigurationIsVisible = 0;
			defaultConfigurationName = Release;
		};
		3341C804277641900056969C /* Build configuration list for PBXNativeTarget "ARMusicTests" */ = {
			isa = XCConfigurationList;
			buildConfigurations = (
				3341C805277641900056969C /* Debug */,
				3341C806277641900056969C /* Release */,
			);
			defaultConfigurationIsVisible = 0;
			defaultConfigurationName = Release;
		};
		3341C807277641900056969C /* Build configuration list for PBXNativeTarget "ARMusicUITests" */ = {
			isa = XCConfigurationList;
			buildConfigurations = (
				3341C808277641900056969C /* Debug */,
				3341C809277641900056969C /* Release */,
			);
			defaultConfigurationIsVisible = 0;
			defaultConfigurationName = Release;
		};
/* End XCConfigurationList section */
	};
	rootObject = 3341C7D02776418E0056969C /* Project object */;
}
