// !$*UTF8*$!
{
	archiveVersion = 1;
	classes = {
	};
	objectVersion = 55;
	objects = {

/* Begin PBXBuildFile section */
		CF13DBE027474DC1005900E8 /* PlaylistCardView.swift in Sources */ = {isa = PBXBuildFile; fileRef = CF13DBDF27474DC1005900E8 /* PlaylistCardView.swift */; };
		CF46878F274CAC4D002B957F /* SDWebImageSwiftUI in Frameworks */ = {isa = PBXBuildFile; productRef = CF46878E274CAC4D002B957F /* SDWebImageSwiftUI */; };
		CF468791274CAED5002B957F /* AppleMusicAPI.swift in Sources */ = {isa = PBXBuildFile; fileRef = CF468790274CAED5002B957F /* AppleMusicAPI.swift */; };
		CF468794274CDF1B002B957F /* SwiftyJSON in Frameworks */ = {isa = PBXBuildFile; productRef = CF468793274CDF1B002B957F /* SwiftyJSON */; };
		CF468796274CE839002B957F /* NowPlayingView.swift in Sources */ = {isa = PBXBuildFile; fileRef = CF468795274CE839002B957F /* NowPlayingView.swift */; };
		CF47D09C2747492100831C75 /* Model.swift in Sources */ = {isa = PBXBuildFile; fileRef = CF47D09B2747492100831C75 /* Model.swift */; };
		CF47D09E27474C9600831C75 /* PlaylistView.swift in Sources */ = {isa = PBXBuildFile; fileRef = CF47D09D27474C9600831C75 /* PlaylistView.swift */; };
		CF47D0A027474CB500831C75 /* LibraryView.swift in Sources */ = {isa = PBXBuildFile; fileRef = CF47D09F27474CB500831C75 /* LibraryView.swift */; };
		CF70393E274898AE008A599C /* UserView.swift in Sources */ = {isa = PBXBuildFile; fileRef = CF70393D274898AE008A599C /* UserView.swift */; };
		CF70394127489C38008A599C /* ProfileHeader.swift in Sources */ = {isa = PBXBuildFile; fileRef = CF70394027489C38008A599C /* ProfileHeader.swift */; };
		CF703BA9274BCC7A008A599C /* PlaybackFullscreenView.swift in Sources */ = {isa = PBXBuildFile; fileRef = CF703BA3274BCC79008A599C /* PlaybackFullscreenView.swift */; };
		CF703BAA274BCC7A008A599C /* PlayingProgressView.swift in Sources */ = {isa = PBXBuildFile; fileRef = CF703BA4274BCC79008A599C /* PlayingProgressView.swift */; };
		CF703BAB274BCC7A008A599C /* InvisibleRefreshView.swift in Sources */ = {isa = PBXBuildFile; fileRef = CF703BA6274BCC79008A599C /* InvisibleRefreshView.swift */; };
		CF703BAC274BCC7A008A599C /* PlaybackbarView.swift in Sources */ = {isa = PBXBuildFile; fileRef = CF703BA7274BCC79008A599C /* PlaybackbarView.swift */; };
		CF703BAD274BCC7A008A599C /* PlayPauseButton.swift in Sources */ = {isa = PBXBuildFile; fileRef = CF703BA8274BCC79008A599C /* PlayPauseButton.swift */; };
		CF703BAF274BCD5B008A599C /* PlaylistDetailView.swift in Sources */ = {isa = PBXBuildFile; fileRef = CF703BAE274BCD5A008A599C /* PlaylistDetailView.swift */; };
		CF703BB5274BDD5D008A599C /* SearchView.swift in Sources */ = {isa = PBXBuildFile; fileRef = CF703BB2274BDD5D008A599C /* SearchView.swift */; };
		CF703BB6274BDD5D008A599C /* Song.swift in Sources */ = {isa = PBXBuildFile; fileRef = CF703BB3274BDD5D008A599C /* Song.swift */; };
		CF703BB7274BDD5D008A599C /* RemoteSongCardView.swift in Sources */ = {isa = PBXBuildFile; fileRef = CF703BB4274BDD5D008A599C /* RemoteSongCardView.swift */; };
		CF9A75E627475213007CD441 /* BlurView.swift in Sources */ = {isa = PBXBuildFile; fileRef = CF9A75E527475213007CD441 /* BlurView.swift */; };
		CF9A75E927475F98007CD441 /* CornerRadius.swift in Sources */ = {isa = PBXBuildFile; fileRef = CF9A75E827475F98007CD441 /* CornerRadius.swift */; };
		CF9A75EC27476558007CD441 /* SongCardView.swift in Sources */ = {isa = PBXBuildFile; fileRef = CF9A75EB27476557007CD441 /* SongCardView.swift */; };
		CFBB2DD9274E8123003B1D2E /* SearchBar.swift in Sources */ = {isa = PBXBuildFile; fileRef = CFBB2DD8274E8123003B1D2E /* SearchBar.swift */; };
		CFBB2DDB274E8296003B1D2E /* DataModel.swift in Sources */ = {isa = PBXBuildFile; fileRef = CFBB2DDA274E8296003B1D2E /* DataModel.swift */; };
		CFBB2DDD274F1A51003B1D2E /* SongListViewModel.swift in Sources */ = {isa = PBXBuildFile; fileRef = CFBB2DDC274F1A51003B1D2E /* SongListViewModel.swift */; };
		CFBB2DDF274F1FCB003B1D2E /* EmptyStateView.swift in Sources */ = {isa = PBXBuildFile; fileRef = CFBB2DDE274F1FCB003B1D2E /* EmptyStateView.swift */; };
		CFBB2DE4274F50B6003B1D2E /* SearchSongCardView.swift in Sources */ = {isa = PBXBuildFile; fileRef = CFBB2DE3274F50B6003B1D2E /* SearchSongCardView.swift */; };
		CFC74D4A274648E40073DD18 /* NoSignalApp.swift in Sources */ = {isa = PBXBuildFile; fileRef = CFC74D49274648E40073DD18 /* NoSignalApp.swift */; };
		CFC74D4C274648E40073DD18 /* ContentView.swift in Sources */ = {isa = PBXBuildFile; fileRef = CFC74D4B274648E40073DD18 /* ContentView.swift */; };
		CFC74D4E274648E70073DD18 /* Assets.xcassets in Resources */ = {isa = PBXBuildFile; fileRef = CFC74D4D274648E70073DD18 /* Assets.xcassets */; };
		CFC74D51274648E70073DD18 /* Preview Assets.xcassets in Resources */ = {isa = PBXBuildFile; fileRef = CFC74D50274648E70073DD18 /* Preview Assets.xcassets */; };
/* End PBXBuildFile section */

/* Begin PBXFileReference section */
		CF13DBDF27474DC1005900E8 /* PlaylistCardView.swift */ = {isa = PBXFileReference; lastKnownFileType = sourcecode.swift; path = PlaylistCardView.swift; sourceTree = "<group>"; };
		CF46878C274CAB4E002B957F /* SDWebImageSwiftUI */ = {isa = PBXFileReference; lastKnownFileType = folder; path = SDWebImageSwiftUI; sourceTree = "<group>"; };
		CF468790274CAED5002B957F /* AppleMusicAPI.swift */ = {isa = PBXFileReference; lastKnownFileType = sourcecode.swift; path = AppleMusicAPI.swift; sourceTree = "<group>"; };
		CF468792274CDF0F002B957F /* SwiftyJSON */ = {isa = PBXFileReference; lastKnownFileType = folder; path = SwiftyJSON; sourceTree = "<group>"; };
		CF468795274CE839002B957F /* NowPlayingView.swift */ = {isa = PBXFileReference; lastKnownFileType = sourcecode.swift; path = NowPlayingView.swift; sourceTree = "<group>"; };
		CF47D09B2747492100831C75 /* Model.swift */ = {isa = PBXFileReference; lastKnownFileType = sourcecode.swift; path = Model.swift; sourceTree = "<group>"; };
		CF47D09D27474C9600831C75 /* PlaylistView.swift */ = {isa = PBXFileReference; lastKnownFileType = sourcecode.swift; path = PlaylistView.swift; sourceTree = "<group>"; };
		CF47D09F27474CB500831C75 /* LibraryView.swift */ = {isa = PBXFileReference; lastKnownFileType = sourcecode.swift; path = LibraryView.swift; sourceTree = "<group>"; };
		CF70393D274898AE008A599C /* UserView.swift */ = {isa = PBXFileReference; lastKnownFileType = sourcecode.swift; path = UserView.swift; sourceTree = "<group>"; };
		CF70394027489C38008A599C /* ProfileHeader.swift */ = {isa = PBXFileReference; lastKnownFileType = sourcecode.swift; path = ProfileHeader.swift; sourceTree = "<group>"; };
		CF703BA3274BCC79008A599C /* PlaybackFullscreenView.swift */ = {isa = PBXFileReference; fileEncoding = 4; lastKnownFileType = sourcecode.swift; path = PlaybackFullscreenView.swift; sourceTree = "<group>"; };
		CF703BA4274BCC79008A599C /* PlayingProgressView.swift */ = {isa = PBXFileReference; fileEncoding = 4; lastKnownFileType = sourcecode.swift; path = PlayingProgressView.swift; sourceTree = "<group>"; };
		CF703BA6274BCC79008A599C /* InvisibleRefreshView.swift */ = {isa = PBXFileReference; fileEncoding = 4; lastKnownFileType = sourcecode.swift; path = InvisibleRefreshView.swift; sourceTree = "<group>"; };
		CF703BA7274BCC79008A599C /* PlaybackbarView.swift */ = {isa = PBXFileReference; fileEncoding = 4; lastKnownFileType = sourcecode.swift; path = PlaybackbarView.swift; sourceTree = "<group>"; };
		CF703BA8274BCC79008A599C /* PlayPauseButton.swift */ = {isa = PBXFileReference; fileEncoding = 4; lastKnownFileType = sourcecode.swift; path = PlayPauseButton.swift; sourceTree = "<group>"; };
		CF703BAE274BCD5A008A599C /* PlaylistDetailView.swift */ = {isa = PBXFileReference; fileEncoding = 4; lastKnownFileType = sourcecode.swift; path = PlaylistDetailView.swift; sourceTree = "<group>"; };
		CF703BB2274BDD5D008A599C /* SearchView.swift */ = {isa = PBXFileReference; fileEncoding = 4; lastKnownFileType = sourcecode.swift; path = SearchView.swift; sourceTree = "<group>"; };
		CF703BB3274BDD5D008A599C /* Song.swift */ = {isa = PBXFileReference; fileEncoding = 4; lastKnownFileType = sourcecode.swift; path = Song.swift; sourceTree = "<group>"; };
		CF703BB4274BDD5D008A599C /* RemoteSongCardView.swift */ = {isa = PBXFileReference; fileEncoding = 4; lastKnownFileType = sourcecode.swift; path = RemoteSongCardView.swift; sourceTree = "<group>"; };
		CF9A75E527475213007CD441 /* BlurView.swift */ = {isa = PBXFileReference; lastKnownFileType = sourcecode.swift; path = BlurView.swift; sourceTree = "<group>"; };
		CF9A75E727475AA8007CD441 /* Info.plist */ = {isa = PBXFileReference; lastKnownFileType = text.plist.xml; path = Info.plist; sourceTree = "<group>"; };
		CF9A75E827475F98007CD441 /* CornerRadius.swift */ = {isa = PBXFileReference; lastKnownFileType = sourcecode.swift; path = CornerRadius.swift; sourceTree = "<group>"; };
		CF9A75EB27476557007CD441 /* SongCardView.swift */ = {isa = PBXFileReference; lastKnownFileType = sourcecode.swift; path = SongCardView.swift; sourceTree = "<group>"; };
		CFBB2DD8274E8123003B1D2E /* SearchBar.swift */ = {isa = PBXFileReference; lastKnownFileType = sourcecode.swift; path = SearchBar.swift; sourceTree = "<group>"; };
		CFBB2DDA274E8296003B1D2E /* DataModel.swift */ = {isa = PBXFileReference; lastKnownFileType = sourcecode.swift; name = DataModel.swift; path = ../../../../../Documents/DataModel.swift; sourceTree = "<group>"; };
		CFBB2DDC274F1A51003B1D2E /* SongListViewModel.swift */ = {isa = PBXFileReference; lastKnownFileType = sourcecode.swift; path = SongListViewModel.swift; sourceTree = "<group>"; };
		CFBB2DDE274F1FCB003B1D2E /* EmptyStateView.swift */ = {isa = PBXFileReference; lastKnownFileType = sourcecode.swift; path = EmptyStateView.swift; sourceTree = "<group>"; };
		CFBB2DE3274F50B6003B1D2E /* SearchSongCardView.swift */ = {isa = PBXFileReference; lastKnownFileType = sourcecode.swift; path = SearchSongCardView.swift; sourceTree = "<group>"; };
		CFC74D46274648E40073DD18 /* NoSignal.app */ = {isa = PBXFileReference; explicitFileType = wrapper.application; includeInIndex = 0; path = NoSignal.app; sourceTree = BUILT_PRODUCTS_DIR; };
		CFC74D49274648E40073DD18 /* NoSignalApp.swift */ = {isa = PBXFileReference; lastKnownFileType = sourcecode.swift; path = NoSignalApp.swift; sourceTree = "<group>"; };
		CFC74D4B274648E40073DD18 /* ContentView.swift */ = {isa = PBXFileReference; lastKnownFileType = sourcecode.swift; path = ContentView.swift; sourceTree = "<group>"; };
		CFC74D4D274648E70073DD18 /* Assets.xcassets */ = {isa = PBXFileReference; lastKnownFileType = folder.assetcatalog; path = Assets.xcassets; sourceTree = "<group>"; };
		CFC74D50274648E70073DD18 /* Preview Assets.xcassets */ = {isa = PBXFileReference; lastKnownFileType = folder.assetcatalog; path = "Preview Assets.xcassets"; sourceTree = "<group>"; };
/* End PBXFileReference section */

/* Begin PBXFrameworksBuildPhase section */
		CFC74D43274648E40073DD18 /* Frameworks */ = {
			isa = PBXFrameworksBuildPhase;
			buildActionMask = 2147483647;
			files = (
				CF468794274CDF1B002B957F /* SwiftyJSON in Frameworks */,
				CF46878F274CAC4D002B957F /* SDWebImageSwiftUI in Frameworks */,
			);
			runOnlyForDeploymentPostprocessing = 0;
		};
/* End PBXFrameworksBuildPhase section */

/* Begin PBXGroup section */
		CF46878A274C821C002B957F /* Packages */ = {
			isa = PBXGroup;
			children = (
				CF46878C274CAB4E002B957F /* SDWebImageSwiftUI */,
				CF468792274CDF0F002B957F /* SwiftyJSON */,
			);
			name = Packages;
			sourceTree = "<group>";
		};
		CF46878D274CAC4D002B957F /* Frameworks */ = {
			isa = PBXGroup;
			children = (
			);
			name = Frameworks;
			sourceTree = "<group>";
		};
		CF468797274D009F002B957F /* View */ = {
			isa = PBXGroup;
			children = (
				CF9FED662747945D00E46F8E /* Song */,
				CF703BB1274BDD5D008A599C /* Search */,
				CF9A75EA2747604E007CD441 /* Helpers */,
				CF9FED652747934E00E46F8E /* Playlist */,
				CF9FED672747946A00E46F8E /* Library */,
				CF703BA2274BCC79008A599C /* PlayingItem */,
				CF70393F27489C1B008A599C /* UserInfo */,
			);
			path = View;
			sourceTree = "<group>";
		};
		CF70393F27489C1B008A599C /* UserInfo */ = {
			isa = PBXGroup;
			children = (
				CF70393D274898AE008A599C /* UserView.swift */,
				CF70394027489C38008A599C /* ProfileHeader.swift */,
			);
			path = UserInfo;
			sourceTree = "<group>";
		};
		CF703BA2274BCC79008A599C /* PlayingItem */ = {
			isa = PBXGroup;
			children = (
				CF703BA5274BCC79008A599C /* Elements */,
				CF703BA7274BCC79008A599C /* PlaybackbarView.swift */,
				CF703BA3274BCC79008A599C /* PlaybackFullscreenView.swift */,
				CF703BA4274BCC79008A599C /* PlayingProgressView.swift */,
				CF468795274CE839002B957F /* NowPlayingView.swift */,
			);
			path = PlayingItem;
			sourceTree = "<group>";
		};
		CF703BA5274BCC79008A599C /* Elements */ = {
			isa = PBXGroup;
			children = (
				CF703BA6274BCC79008A599C /* InvisibleRefreshView.swift */,
				CF703BA8274BCC79008A599C /* PlayPauseButton.swift */,
			);
			path = Elements;
			sourceTree = "<group>";
		};
		CF703BB1274BDD5D008A599C /* Search */ = {
			isa = PBXGroup;
			children = (
				CFBB2DE2274F5036003B1D2E /* Discard */,
				CF703BB2274BDD5D008A599C /* SearchView.swift */,
				CFBB2DD8274E8123003B1D2E /* SearchBar.swift */,
				CFBB2DDC274F1A51003B1D2E /* SongListViewModel.swift */,
				CFBB2DE3274F50B6003B1D2E /* SearchSongCardView.swift */,
			);
			path = Search;
			sourceTree = "<group>";
		};
		CF9A75EA2747604E007CD441 /* Helpers */ = {
			isa = PBXGroup;
			children = (
				CF9A75E527475213007CD441 /* BlurView.swift */,
				CF9A75E827475F98007CD441 /* CornerRadius.swift */,
				CFBB2DDE274F1FCB003B1D2E /* EmptyStateView.swift */,
			);
			path = Helpers;
			sourceTree = "<group>";
		};
		CF9FED652747934E00E46F8E /* Playlist */ = {
			isa = PBXGroup;
			children = (
				CF47D09D27474C9600831C75 /* PlaylistView.swift */,
				CF13DBDF27474DC1005900E8 /* PlaylistCardView.swift */,
				CF703BAE274BCD5A008A599C /* PlaylistDetailView.swift */,
			);
			path = Playlist;
			sourceTree = "<group>";
		};
		CF9FED662747945D00E46F8E /* Song */ = {
			isa = PBXGroup;
			children = (
				CF9A75EB27476557007CD441 /* SongCardView.swift */,
			);
			path = Song;
			sourceTree = "<group>";
		};
		CF9FED672747946A00E46F8E /* Library */ = {
			isa = PBXGroup;
			children = (
				CF47D09F27474CB500831C75 /* LibraryView.swift */,
			);
			path = Library;
			sourceTree = "<group>";
		};
		CF9FED682747947900E46F8E /* Model */ = {
			isa = PBXGroup;
			children = (
				CF703BB3274BDD5D008A599C /* Song.swift */,
				CF47D09B2747492100831C75 /* Model.swift */,
				CFBB2DDA274E8296003B1D2E /* DataModel.swift */,
			);
			path = Model;
			sourceTree = "<group>";
		};
		CFBB2DE2274F5036003B1D2E /* Discard */ = {
			isa = PBXGroup;
			children = (
				CF703BB4274BDD5D008A599C /* RemoteSongCardView.swift */,
				CF468790274CAED5002B957F /* AppleMusicAPI.swift */,
			);
			path = Discard;
			sourceTree = "<group>";
		};
		CFC74D3D274648E40073DD18 = {
			isa = PBXGroup;
			children = (
				CF46878A274C821C002B957F /* Packages */,
				CFC74D48274648E40073DD18 /* NoSignal */,
				CFC74D47274648E40073DD18 /* Products */,
				CF46878D274CAC4D002B957F /* Frameworks */,
			);
			sourceTree = "<group>";
		};
		CFC74D47274648E40073DD18 /* Products */ = {
			isa = PBXGroup;
			children = (
				CFC74D46274648E40073DD18 /* NoSignal.app */,
			);
			name = Products;
			sourceTree = "<group>";
		};
		CFC74D48274648E40073DD18 /* NoSignal */ = {
			isa = PBXGroup;
			children = (
				CF9FED682747947900E46F8E /* Model */,
				CF468797274D009F002B957F /* View */,
				CF9A75E727475AA8007CD441 /* Info.plist */,
				CFC74D4D274648E70073DD18 /* Assets.xcassets */,
				CFC74D49274648E40073DD18 /* NoSignalApp.swift */,
				CFC74D4B274648E40073DD18 /* ContentView.swift */,
				CFC74D4F274648E70073DD18 /* Preview Content */,
			);
			path = NoSignal;
			sourceTree = "<group>";
		};
		CFC74D4F274648E70073DD18 /* Preview Content */ = {
			isa = PBXGroup;
			children = (
				CFC74D50274648E70073DD18 /* Preview Assets.xcassets */,
			);
			path = "Preview Content";
			sourceTree = "<group>";
		};
/* End PBXGroup section */

/* Begin PBXNativeTarget section */
		CFC74D45274648E40073DD18 /* NoSignal */ = {
			isa = PBXNativeTarget;
			buildConfigurationList = CFC74D54274648E70073DD18 /* Build configuration list for PBXNativeTarget "NoSignal" */;
			buildPhases = (
				CFC74D42274648E40073DD18 /* Sources */,
				CFC74D43274648E40073DD18 /* Frameworks */,
				CFC74D44274648E40073DD18 /* Resources */,
			);
			buildRules = (
			);
			dependencies = (
			);
			name = NoSignal;
			packageProductDependencies = (
				CF46878E274CAC4D002B957F /* SDWebImageSwiftUI */,
				CF468793274CDF1B002B957F /* SwiftyJSON */,
			);
			productName = NoSignal;
			productReference = CFC74D46274648E40073DD18 /* NoSignal.app */;
			productType = "com.apple.product-type.application";
		};
/* End PBXNativeTarget section */

/* Begin PBXProject section */
		CFC74D3E274648E40073DD18 /* Project object */ = {
			isa = PBXProject;
			attributes = {
				BuildIndependentTargetsInParallel = 1;
				LastSwiftUpdateCheck = 1310;
				LastUpgradeCheck = 1310;
				TargetAttributes = {
					CFC74D45274648E40073DD18 = {
						CreatedOnToolsVersion = 13.1;
					};
				};
			};
			buildConfigurationList = CFC74D41274648E40073DD18 /* Build configuration list for PBXProject "NoSignal" */;
			compatibilityVersion = "Xcode 13.0";
			developmentRegion = en;
			hasScannedForEncodings = 0;
			knownRegions = (
				en,
				Base,
			);
			mainGroup = CFC74D3D274648E40073DD18;
			productRefGroup = CFC74D47274648E40073DD18 /* Products */;
			projectDirPath = "";
			projectRoot = "";
			targets = (
				CFC74D45274648E40073DD18 /* NoSignal */,
			);
		};
/* End PBXProject section */

/* Begin PBXResourcesBuildPhase section */
		CFC74D44274648E40073DD18 /* Resources */ = {
			isa = PBXResourcesBuildPhase;
			buildActionMask = 2147483647;
			files = (
				CFC74D51274648E70073DD18 /* Preview Assets.xcassets in Resources */,
				CFC74D4E274648E70073DD18 /* Assets.xcassets in Resources */,
			);
			runOnlyForDeploymentPostprocessing = 0;
		};
/* End PBXResourcesBuildPhase section */

/* Begin PBXSourcesBuildPhase section */
		CFC74D42274648E40073DD18 /* Sources */ = {
			isa = PBXSourcesBuildPhase;
			buildActionMask = 2147483647;
			files = (
				CF47D09C2747492100831C75 /* Model.swift in Sources */,
				CF9A75E927475F98007CD441 /* CornerRadius.swift in Sources */,
				CFBB2DDD274F1A51003B1D2E /* SongListViewModel.swift in Sources */,
				CF9A75E627475213007CD441 /* BlurView.swift in Sources */,
				CF703BAF274BCD5B008A599C /* PlaylistDetailView.swift in Sources */,
				CF468796274CE839002B957F /* NowPlayingView.swift in Sources */,
				CF703BA9274BCC7A008A599C /* PlaybackFullscreenView.swift in Sources */,
				CFBB2DD9274E8123003B1D2E /* SearchBar.swift in Sources */,
				CFBB2DDB274E8296003B1D2E /* DataModel.swift in Sources */,
				CF703BAB274BCC7A008A599C /* InvisibleRefreshView.swift in Sources */,
				CFC74D4C274648E40073DD18 /* ContentView.swift in Sources */,
				CF13DBE027474DC1005900E8 /* PlaylistCardView.swift in Sources */,
				CF70393E274898AE008A599C /* UserView.swift in Sources */,
				CF70394127489C38008A599C /* ProfileHeader.swift in Sources */,
				CF703BB5274BDD5D008A599C /* SearchView.swift in Sources */,
				CF703BAA274BCC7A008A599C /* PlayingProgressView.swift in Sources */,
				CF47D09E27474C9600831C75 /* PlaylistView.swift in Sources */,
				CF47D0A027474CB500831C75 /* LibraryView.swift in Sources */,
				CFBB2DDF274F1FCB003B1D2E /* EmptyStateView.swift in Sources */,
				CF703BB6274BDD5D008A599C /* Song.swift in Sources */,
				CFBB2DE4274F50B6003B1D2E /* SearchSongCardView.swift in Sources */,
				CF703BB7274BDD5D008A599C /* RemoteSongCardView.swift in Sources */,
				CF468791274CAED5002B957F /* AppleMusicAPI.swift in Sources */,
				CF703BAC274BCC7A008A599C /* PlaybackbarView.swift in Sources */,
				CF703BAD274BCC7A008A599C /* PlayPauseButton.swift in Sources */,
				CF9A75EC27476558007CD441 /* SongCardView.swift in Sources */,
				CFC74D4A274648E40073DD18 /* NoSignalApp.swift in Sources */,
			);
			runOnlyForDeploymentPostprocessing = 0;
		};
/* End PBXSourcesBuildPhase section */

/* Begin XCBuildConfiguration section */
		CFC74D52274648E70073DD18 /* Debug */ = {
			isa = XCBuildConfiguration;
			buildSettings = {
				ALWAYS_SEARCH_USER_PATHS = NO;
				CLANG_ANALYZER_NONNULL = YES;
				CLANG_ANALYZER_NUMBER_OBJECT_CONVERSION = YES_AGGRESSIVE;
				CLANG_CXX_LANGUAGE_STANDARD = "gnu++17";
				CLANG_CXX_LIBRARY = "libc++";
				CLANG_ENABLE_MODULES = YES;
				CLANG_ENABLE_OBJC_ARC = YES;
				CLANG_ENABLE_OBJC_WEAK = YES;
				CLANG_WARN_BLOCK_CAPTURE_AUTORELEASING = YES;
				CLANG_WARN_BOOL_CONVERSION = YES;
				CLANG_WARN_COMMA = YES;
				CLANG_WARN_CONSTANT_CONVERSION = YES;
				CLANG_WARN_DEPRECATED_OBJC_IMPLEMENTATIONS = YES;
				CLANG_WARN_DIRECT_OBJC_ISA_USAGE = YES_ERROR;
				CLANG_WARN_DOCUMENTATION_COMMENTS = YES;
				CLANG_WARN_EMPTY_BODY = YES;
				CLANG_WARN_ENUM_CONVERSION = YES;
				CLANG_WARN_INFINITE_RECURSION = YES;
				CLANG_WARN_INT_CONVERSION = YES;
				CLANG_WARN_NON_LITERAL_NULL_CONVERSION = YES;
				CLANG_WARN_OBJC_IMPLICIT_RETAIN_SELF = YES;
				CLANG_WARN_OBJC_LITERAL_CONVERSION = YES;
				CLANG_WARN_OBJC_ROOT_CLASS = YES_ERROR;
				CLANG_WARN_QUOTED_INCLUDE_IN_FRAMEWORK_HEADER = YES;
				CLANG_WARN_RANGE_LOOP_ANALYSIS = YES;
				CLANG_WARN_STRICT_PROTOTYPES = YES;
				CLANG_WARN_SUSPICIOUS_MOVE = YES;
				CLANG_WARN_UNGUARDED_AVAILABILITY = YES_AGGRESSIVE;
				CLANG_WARN_UNREACHABLE_CODE = YES;
				CLANG_WARN__DUPLICATE_METHOD_MATCH = YES;
				COPY_PHASE_STRIP = NO;
				DEBUG_INFORMATION_FORMAT = dwarf;
				ENABLE_STRICT_OBJC_MSGSEND = YES;
				ENABLE_TESTABILITY = YES;
				GCC_C_LANGUAGE_STANDARD = gnu11;
				GCC_DYNAMIC_NO_PIC = NO;
				GCC_NO_COMMON_BLOCKS = YES;
				GCC_OPTIMIZATION_LEVEL = 0;
				GCC_PREPROCESSOR_DEFINITIONS = (
					"DEBUG=1",
					"$(inherited)",
				);
				GCC_WARN_64_TO_32_BIT_CONVERSION = YES;
				GCC_WARN_ABOUT_RETURN_TYPE = YES_ERROR;
				GCC_WARN_UNDECLARED_SELECTOR = YES;
				GCC_WARN_UNINITIALIZED_AUTOS = YES_AGGRESSIVE;
				GCC_WARN_UNUSED_FUNCTION = YES;
				GCC_WARN_UNUSED_VARIABLE = YES;
				IPHONEOS_DEPLOYMENT_TARGET = 15.0;
				MTL_ENABLE_DEBUG_INFO = INCLUDE_SOURCE;
				MTL_FAST_MATH = YES;
				ONLY_ACTIVE_ARCH = YES;
				SDKROOT = iphoneos;
				SWIFT_ACTIVE_COMPILATION_CONDITIONS = DEBUG;
				SWIFT_OPTIMIZATION_LEVEL = "-Onone";
			};
			name = Debug;
		};
		CFC74D53274648E70073DD18 /* Release */ = {
			isa = XCBuildConfiguration;
			buildSettings = {
				ALWAYS_SEARCH_USER_PATHS = NO;
				CLANG_ANALYZER_NONNULL = YES;
				CLANG_ANALYZER_NUMBER_OBJECT_CONVERSION = YES_AGGRESSIVE;
				CLANG_CXX_LANGUAGE_STANDARD = "gnu++17";
				CLANG_CXX_LIBRARY = "libc++";
				CLANG_ENABLE_MODULES = YES;
				CLANG_ENABLE_OBJC_ARC = YES;
				CLANG_ENABLE_OBJC_WEAK = YES;
				CLANG_WARN_BLOCK_CAPTURE_AUTORELEASING = YES;
				CLANG_WARN_BOOL_CONVERSION = YES;
				CLANG_WARN_COMMA = YES;
				CLANG_WARN_CONSTANT_CONVERSION = YES;
				CLANG_WARN_DEPRECATED_OBJC_IMPLEMENTATIONS = YES;
				CLANG_WARN_DIRECT_OBJC_ISA_USAGE = YES_ERROR;
				CLANG_WARN_DOCUMENTATION_COMMENTS = YES;
				CLANG_WARN_EMPTY_BODY = YES;
				CLANG_WARN_ENUM_CONVERSION = YES;
				CLANG_WARN_INFINITE_RECURSION = YES;
				CLANG_WARN_INT_CONVERSION = YES;
				CLANG_WARN_NON_LITERAL_NULL_CONVERSION = YES;
				CLANG_WARN_OBJC_IMPLICIT_RETAIN_SELF = YES;
				CLANG_WARN_OBJC_LITERAL_CONVERSION = YES;
				CLANG_WARN_OBJC_ROOT_CLASS = YES_ERROR;
				CLANG_WARN_QUOTED_INCLUDE_IN_FRAMEWORK_HEADER = YES;
				CLANG_WARN_RANGE_LOOP_ANALYSIS = YES;
				CLANG_WARN_STRICT_PROTOTYPES = YES;
				CLANG_WARN_SUSPICIOUS_MOVE = YES;
				CLANG_WARN_UNGUARDED_AVAILABILITY = YES_AGGRESSIVE;
				CLANG_WARN_UNREACHABLE_CODE = YES;
				CLANG_WARN__DUPLICATE_METHOD_MATCH = YES;
				COPY_PHASE_STRIP = NO;
				DEBUG_INFORMATION_FORMAT = "dwarf-with-dsym";
				ENABLE_NS_ASSERTIONS = NO;
				ENABLE_STRICT_OBJC_MSGSEND = YES;
				GCC_C_LANGUAGE_STANDARD = gnu11;
				GCC_NO_COMMON_BLOCKS = YES;
				GCC_WARN_64_TO_32_BIT_CONVERSION = YES;
				GCC_WARN_ABOUT_RETURN_TYPE = YES_ERROR;
				GCC_WARN_UNDECLARED_SELECTOR = YES;
				GCC_WARN_UNINITIALIZED_AUTOS = YES_AGGRESSIVE;
				GCC_WARN_UNUSED_FUNCTION = YES;
				GCC_WARN_UNUSED_VARIABLE = YES;
				IPHONEOS_DEPLOYMENT_TARGET = 15.0;
				MTL_ENABLE_DEBUG_INFO = NO;
				MTL_FAST_MATH = YES;
				SDKROOT = iphoneos;
				SWIFT_COMPILATION_MODE = wholemodule;
				SWIFT_OPTIMIZATION_LEVEL = "-O";
				VALIDATE_PRODUCT = YES;
			};
			name = Release;
		};
		CFC74D55274648E70073DD18 /* Debug */ = {
			isa = XCBuildConfiguration;
			buildSettings = {
				ASSETCATALOG_COMPILER_APPICON_NAME = AppIcon;
				ASSETCATALOG_COMPILER_GLOBAL_ACCENT_COLOR_NAME = AccentColor;
				CODE_SIGN_IDENTITY = "iPhone Developer";
				CODE_SIGN_STYLE = Automatic;
				CURRENT_PROJECT_VERSION = 1;
				DEVELOPMENT_ASSET_PATHS = "\"NoSignal/Preview Content\"";
				DEVELOPMENT_TEAM = L7GRKRAL8S;
				ENABLE_PREVIEWS = YES;
				GENERATE_INFOPLIST_FILE = YES;
				INFOPLIST_FILE = NoSignal/Info.plist;
				INFOPLIST_KEY_NSAppleMusicUsageDescription = "This app requires Apple Music library access to play music tracks.";
				INFOPLIST_KEY_UIApplicationSceneManifest_Generation = YES;
				INFOPLIST_KEY_UIApplicationSupportsIndirectInputEvents = YES;
				INFOPLIST_KEY_UILaunchScreen_Generation = YES;
				INFOPLIST_KEY_UISupportedInterfaceOrientations_iPad = "UIInterfaceOrientationPortrait UIInterfaceOrientationPortraitUpsideDown UIInterfaceOrientationLandscapeLeft UIInterfaceOrientationLandscapeRight";
				INFOPLIST_KEY_UISupportedInterfaceOrientations_iPhone = "UIInterfaceOrientationPortrait UIInterfaceOrientationLandscapeLeft UIInterfaceOrientationLandscapeRight";
				LD_RUNPATH_SEARCH_PATHS = (
					"$(inherited)",
					"@executable_path/Frameworks",
				);
				MARKETING_VERSION = 1.0;
				PRODUCT_BUNDLE_IDENTIFIER = com.LiaoYuxuanAdbean;
				PRODUCT_NAME = "$(TARGET_NAME)";
				SWIFT_EMIT_LOC_STRINGS = YES;
				SWIFT_VERSION = 5.0;
				TARGETED_DEVICE_FAMILY = "1,2";
			};
			name = Debug;
		};
		CFC74D56274648E70073DD18 /* Release */ = {
			isa = XCBuildConfiguration;
			buildSettings = {
				ASSETCATALOG_COMPILER_APPICON_NAME = AppIcon;
				ASSETCATALOG_COMPILER_GLOBAL_ACCENT_COLOR_NAME = AccentColor;
				CODE_SIGN_IDENTITY = "iPhone Developer";
				CODE_SIGN_STYLE = Automatic;
				CURRENT_PROJECT_VERSION = 1;
				DEVELOPMENT_ASSET_PATHS = "\"NoSignal/Preview Content\"";
				DEVELOPMENT_TEAM = L7GRKRAL8S;
				ENABLE_PREVIEWS = YES;
				GENERATE_INFOPLIST_FILE = YES;
				INFOPLIST_FILE = NoSignal/Info.plist;
				INFOPLIST_KEY_NSAppleMusicUsageDescription = "This app requires Apple Music library access to play music tracks.";
				INFOPLIST_KEY_UIApplicationSceneManifest_Generation = YES;
				INFOPLIST_KEY_UIApplicationSupportsIndirectInputEvents = YES;
				INFOPLIST_KEY_UILaunchScreen_Generation = YES;
				INFOPLIST_KEY_UISupportedInterfaceOrientations_iPad = "UIInterfaceOrientationPortrait UIInterfaceOrientationPortraitUpsideDown UIInterfaceOrientationLandscapeLeft UIInterfaceOrientationLandscapeRight";
				INFOPLIST_KEY_UISupportedInterfaceOrientations_iPhone = "UIInterfaceOrientationPortrait UIInterfaceOrientationLandscapeLeft UIInterfaceOrientationLandscapeRight";
				LD_RUNPATH_SEARCH_PATHS = (
					"$(inherited)",
					"@executable_path/Frameworks",
				);
				MARKETING_VERSION = 1.0;
				PRODUCT_BUNDLE_IDENTIFIER = com.LiaoYuxuanAdbean;
				PRODUCT_NAME = "$(TARGET_NAME)";
				SWIFT_EMIT_LOC_STRINGS = YES;
				SWIFT_VERSION = 5.0;
				TARGETED_DEVICE_FAMILY = "1,2";
			};
			name = Release;
		};
/* End XCBuildConfiguration section */

/* Begin XCConfigurationList section */
		CFC74D41274648E40073DD18 /* Build configuration list for PBXProject "NoSignal" */ = {
			isa = XCConfigurationList;
			buildConfigurations = (
				CFC74D52274648E70073DD18 /* Debug */,
				CFC74D53274648E70073DD18 /* Release */,
			);
			defaultConfigurationIsVisible = 0;
			defaultConfigurationName = Release;
		};
		CFC74D54274648E70073DD18 /* Build configuration list for PBXNativeTarget "NoSignal" */ = {
			isa = XCConfigurationList;
			buildConfigurations = (
				CFC74D55274648E70073DD18 /* Debug */,
				CFC74D56274648E70073DD18 /* Release */,
			);
			defaultConfigurationIsVisible = 0;
			defaultConfigurationName = Release;
		};
/* End XCConfigurationList section */

/* Begin XCSwiftPackageProductDependency section */
		CF46878E274CAC4D002B957F /* SDWebImageSwiftUI */ = {
			isa = XCSwiftPackageProductDependency;
			productName = SDWebImageSwiftUI;
		};
		CF468793274CDF1B002B957F /* SwiftyJSON */ = {
			isa = XCSwiftPackageProductDependency;
			productName = SwiftyJSON;
		};
/* End XCSwiftPackageProductDependency section */
	};
	rootObject = CFC74D3E274648E40073DD18 /* Project object */;
}
