// !$*UTF8*$!
{
	archiveVersion = 1;
	classes = {
	};
	objectVersion = 55;
	objects = {

/* Begin PBXBuildFile section */
		CF006EA4277345710009DB1B /* PlaylistViewModel.swift in Sources */ = {isa = PBXBuildFile; fileRef = CF006EA3277345710009DB1B /* PlaylistViewModel.swift */; };
		CF006EA6277345EE0009DB1B /* LyricViewModel.swift in Sources */ = {isa = PBXBuildFile; fileRef = CF006EA5277345EE0009DB1B /* LyricViewModel.swift */; };
		CF006EA8277346200009DB1B /* DiscoverPlaylistViewModel.swift in Sources */ = {isa = PBXBuildFile; fileRef = CF006EA7277346200009DB1B /* DiscoverPlaylistViewModel.swift */; };
		CF006EAA2773464C0009DB1B /* QinCoverView.swift in Sources */ = {isa = PBXBuildFile; fileRef = CF006EA92773464C0009DB1B /* QinCoverView.swift */; };
		CF006EBA27734A5E0009DB1B /* LyricParser.swift in Sources */ = {isa = PBXBuildFile; fileRef = CF006EB927734A5E0009DB1B /* LyricParser.swift */; };
		CF006EBC27734A960009DB1B /* QinBackgroundView.swift in Sources */ = {isa = PBXBuildFile; fileRef = CF006EBB27734A960009DB1B /* QinBackgroundView.swift */; };
		CF006EBE27734BA10009DB1B /* URLExtension.swift in Sources */ = {isa = PBXBuildFile; fileRef = CF006EBD27734BA10009DB1B /* URLExtension.swift */; };
		CF006EC027734C1E0009DB1B /* NeteaseSong.swift in Sources */ = {isa = PBXBuildFile; fileRef = CF006EBF27734C1E0009DB1B /* NeteaseSong.swift */; };
		CF006EC227734CA50009DB1B /* UserStorageHelper.swift in Sources */ = {isa = PBXBuildFile; fileRef = CF006EC127734CA50009DB1B /* UserStorageHelper.swift */; };
		CF006EC427734CFF0009DB1B /* CaseIterableExtension.swift in Sources */ = {isa = PBXBuildFile; fileRef = CF006EC327734CFF0009DB1B /* CaseIterableExtension.swift */; };
		CF006EC627734D200009DB1B /* AudioSessionManager.swift in Sources */ = {isa = PBXBuildFile; fileRef = CF006EC527734D200009DB1B /* AudioSessionManager.swift */; };
		CF006EC827734E5F0009DB1B /* QinSFView.swift in Sources */ = {isa = PBXBuildFile; fileRef = CF006EC727734E5F0009DB1B /* QinSFView.swift */; };
		CF006ECA27734E830009DB1B /* ColorExtension.swift in Sources */ = {isa = PBXBuildFile; fileRef = CF006EC927734E830009DB1B /* ColorExtension.swift */; };
		CF13DBE027474DC1005900E8 /* PlaylistCardView.swift in Sources */ = {isa = PBXBuildFile; fileRef = CF13DBDF27474DC1005900E8 /* PlaylistCardView.swift */; };
		CF468791274CAED5002B957F /* AppleMusicAPI.swift in Sources */ = {isa = PBXBuildFile; fileRef = CF468790274CAED5002B957F /* AppleMusicAPI.swift */; };
		CF468796274CE839002B957F /* NowPlayingView.swift in Sources */ = {isa = PBXBuildFile; fileRef = CF468795274CE839002B957F /* NowPlayingView.swift */; };
		CF47D09C2747492100831C75 /* Model.swift in Sources */ = {isa = PBXBuildFile; fileRef = CF47D09B2747492100831C75 /* Model.swift */; };
		CF47D09E27474C9600831C75 /* PlaylistView.swift in Sources */ = {isa = PBXBuildFile; fileRef = CF47D09D27474C9600831C75 /* PlaylistView.swift */; };
		CF47D0A027474CB500831C75 /* LibraryView.swift in Sources */ = {isa = PBXBuildFile; fileRef = CF47D09F27474CB500831C75 /* LibraryView.swift */; };
		CF70393E274898AE008A599C /* UserView.swift in Sources */ = {isa = PBXBuildFile; fileRef = CF70393D274898AE008A599C /* UserView.swift */; };
		CF70394127489C38008A599C /* ProfileHeader.swift in Sources */ = {isa = PBXBuildFile; fileRef = CF70394027489C38008A599C /* ProfileHeader.swift */; };
		CF703BA9274BCC7A008A599C /* PlaybackFullscreenView.swift in Sources */ = {isa = PBXBuildFile; fileRef = CF703BA3274BCC79008A599C /* PlaybackFullscreenView.swift */; };
		CF703BAA274BCC7A008A599C /* PlayingProgressView.swift in Sources */ = {isa = PBXBuildFile; fileRef = CF703BA4274BCC79008A599C /* PlayingProgressView.swift */; };
		CF703BAB274BCC7A008A599C /* InvisibleRefreshView.swift in Sources */ = {isa = PBXBuildFile; fileRef = CF703BA6274BCC79008A599C /* InvisibleRefreshView.swift */; };
		CF703BAC274BCC7A008A599C /* PlaybackbarView.swift in Sources */ = {isa = PBXBuildFile; fileRef = CF703BA7274BCC79008A599C /* PlaybackbarView.swift */; };
		CF703BAD274BCC7A008A599C /* PlayPauseButton.swift in Sources */ = {isa = PBXBuildFile; fileRef = CF703BA8274BCC79008A599C /* PlayPauseButton.swift */; };
		CF703BAF274BCD5B008A599C /* AppleMusicPlayListDetailView.swift in Sources */ = {isa = PBXBuildFile; fileRef = CF703BAE274BCD5A008A599C /* AppleMusicPlayListDetailView.swift */; };
		CF703BB5274BDD5D008A599C /* SearchView.swift in Sources */ = {isa = PBXBuildFile; fileRef = CF703BB2274BDD5D008A599C /* SearchView.swift */; };
		CF703BB7274BDD5D008A599C /* RemoteSongCardView.swift in Sources */ = {isa = PBXBuildFile; fileRef = CF703BB4274BDD5D008A599C /* RemoteSongCardView.swift */; };
		CF79C4EB2774BED400778F6A /* ArtistSublistView.swift in Sources */ = {isa = PBXBuildFile; fileRef = CF79C4EA2774BED400778F6A /* ArtistSublistView.swift */; };
		CF79C4ED2774BF0C00778F6A /* FetchedArtistDetailView.swift in Sources */ = {isa = PBXBuildFile; fileRef = CF79C4EC2774BF0C00778F6A /* FetchedArtistDetailView.swift */; };
		CF79C4EF2774BF4B00778F6A /* FetchedPlaylistDetailView.swift in Sources */ = {isa = PBXBuildFile; fileRef = CF79C4EE2774BF4B00778F6A /* FetchedPlaylistDetailView.swift */; };
		CF79C4F12774BF6400778F6A /* PlayingNowButtonView.swift in Sources */ = {isa = PBXBuildFile; fileRef = CF79C4F02774BF6400778F6A /* PlayingNowButtonView.swift */; };
		CF79C4F32775B3E900778F6A /* SwiftUIExtension.swift in Sources */ = {isa = PBXBuildFile; fileRef = CF79C4F22775B3E900778F6A /* SwiftUIExtension.swift */; };
		CF79C4F52775B41B00778F6A /* DescriptionView.swift in Sources */ = {isa = PBXBuildFile; fileRef = CF79C4F42775B41B00778F6A /* DescriptionView.swift */; };
		CF79C4F72775B43600778F6A /* PlaylistSongsManageView.swift in Sources */ = {isa = PBXBuildFile; fileRef = CF79C4F62775B43600778F6A /* PlaylistSongsManageView.swift */; };
		CF79C4F92775B46500778F6A /* SongListView.swift in Sources */ = {isa = PBXBuildFile; fileRef = CF79C4F82775B46500778F6A /* SongListView.swift */; };
		CF79C4FB2775B49300778F6A /* PlayingNowView.swift in Sources */ = {isa = PBXBuildFile; fileRef = CF79C4FA2775B49300778F6A /* PlayingNowView.swift */; };
		CF79C4FD2775B4B300778F6A /* CreatedPlaylistView.swift in Sources */ = {isa = PBXBuildFile; fileRef = CF79C4FC2775B4B300778F6A /* CreatedPlaylistView.swift */; };
		CF79C4FF2775B4C800778F6A /* CommonGridItemView.swift in Sources */ = {isa = PBXBuildFile; fileRef = CF79C4FE2775B4C800778F6A /* CommonGridItemView.swift */; };
		CF79C5012775B4E200778F6A /* PlaylistManageView.swift in Sources */ = {isa = PBXBuildFile; fileRef = CF79C5002775B4E200778F6A /* PlaylistManageView.swift */; };
		CF79C5032775B50100778F6A /* QinSongRowView.swift in Sources */ = {isa = PBXBuildFile; fileRef = CF79C5022775B50100778F6A /* QinSongRowView.swift */; };
		CF79C5052775B67100778F6A /* ViewModifier.swift in Sources */ = {isa = PBXBuildFile; fileRef = CF79C5042775B67100778F6A /* ViewModifier.swift */; };
		CF79C5072775B68F00778F6A /* SubedPlaylistView.swift in Sources */ = {isa = PBXBuildFile; fileRef = CF79C5062775B68F00778F6A /* SubedPlaylistView.swift */; };
		CF79C5092775B69E00778F6A /* SubedAlbumsView.swift in Sources */ = {isa = PBXBuildFile; fileRef = CF79C5082775B69E00778F6A /* SubedAlbumsView.swift */; };
		CF79C50B2775B6B500778F6A /* FetchedAlbumDetailView.swift in Sources */ = {isa = PBXBuildFile; fileRef = CF79C50A2775B6B500778F6A /* FetchedAlbumDetailView.swift */; };
		CF79C50D2775B6CC00778F6A /* FetchedMVDetailView.swift in Sources */ = {isa = PBXBuildFile; fileRef = CF79C50C2775B6CC00778F6A /* FetchedMVDetailView.swift */; };
		CF79C50F2775B6FF00778F6A /* LyricView.swift in Sources */ = {isa = PBXBuildFile; fileRef = CF79C50E2775B6FF00778F6A /* LyricView.swift */; };
		CF79C5142775BC1100778F6A /* CryptoSwift in Frameworks */ = {isa = PBXBuildFile; productRef = CF79C5132775BC1100778F6A /* CryptoSwift */; };
		CF79C5162775BC1400778F6A /* NeumorphismSwiftUI in Frameworks */ = {isa = PBXBuildFile; productRef = CF79C5152775BC1400778F6A /* NeumorphismSwiftUI */; };
		CF79C5182775BC2000778F6A /* Kingfisher in Frameworks */ = {isa = PBXBuildFile; productRef = CF79C5172775BC2000778F6A /* Kingfisher */; };
		CF79C51A2775C31600778F6A /* SwiftUIHelper.swift in Sources */ = {isa = PBXBuildFile; fileRef = CF79C5192775C31600778F6A /* SwiftUIHelper.swift */; };
		CF79C51E2775C38100778F6A /* CommentView.swift in Sources */ = {isa = PBXBuildFile; fileRef = CF79C51D2775C38100778F6A /* CommentView.swift */; };
		CF79C5202775F66B00778F6A /* CommentViewModel.swift in Sources */ = {isa = PBXBuildFile; fileRef = CF79C51F2775F66B00778F6A /* CommentViewModel.swift */; };
		CF79C5232775F6AD00778F6A /* NCMSearchSongResponse.swift in Sources */ = {isa = PBXBuildFile; fileRef = CF79C5222775F6AD00778F6A /* NCMSearchSongResponse.swift */; };
		CF79C5272775F9F800778F6A /* DataModel.xcdatamodeld in Sources */ = {isa = PBXBuildFile; fileRef = CF79C5252775F9F800778F6A /* DataModel.xcdatamodeld */; };
		CF79C5292775FCC100778F6A /* PlayerControlBarView.swift in Sources */ = {isa = PBXBuildFile; fileRef = CF79C5282775FCC100778F6A /* PlayerControlBarView.swift */; };
		CF79C52B2775FD0700778F6A /* NeteaseSearchView.swift in Sources */ = {isa = PBXBuildFile; fileRef = CF79C52A2775FD0700778F6A /* NeteaseSearchView.swift */; };
		CF79C52D2775FD4900778F6A /* DiscoverPlaylistView.swift in Sources */ = {isa = PBXBuildFile; fileRef = CF79C52C2775FD4900778F6A /* DiscoverPlaylistView.swift */; };
		CF79C52F2775FD6100778F6A /* RecommendPlaylistView.swift in Sources */ = {isa = PBXBuildFile; fileRef = CF79C52E2775FD6100778F6A /* RecommendPlaylistView.swift */; };
		CF79C5312775FDA700778F6A /* SearchViewModel.swift in Sources */ = {isa = PBXBuildFile; fileRef = CF79C5302775FDA700778F6A /* SearchViewModel.swift */; };
		CF9A75E627475213007CD441 /* BlurView.swift in Sources */ = {isa = PBXBuildFile; fileRef = CF9A75E527475213007CD441 /* BlurView.swift */; };
		CF9A75E927475F98007CD441 /* CornerRadius.swift in Sources */ = {isa = PBXBuildFile; fileRef = CF9A75E827475F98007CD441 /* CornerRadius.swift */; };
		CF9A75EC27476558007CD441 /* SongCardView.swift in Sources */ = {isa = PBXBuildFile; fileRef = CF9A75EB27476557007CD441 /* SongCardView.swift */; };
		CFBB2DDD274F1A51003B1D2E /* SongListViewModel.swift in Sources */ = {isa = PBXBuildFile; fileRef = CFBB2DDC274F1A51003B1D2E /* SongListViewModel.swift */; };
		CFBB2DDF274F1FCB003B1D2E /* EmptyStateView.swift in Sources */ = {isa = PBXBuildFile; fileRef = CFBB2DDE274F1FCB003B1D2E /* EmptyStateView.swift */; };
		CFBB2DE4274F50B6003B1D2E /* SearchSongCardView.swift in Sources */ = {isa = PBXBuildFile; fileRef = CFBB2DE3274F50B6003B1D2E /* SearchSongCardView.swift */; };
		CFBB2DE6274F5744003B1D2E /* DataModel.swift in Sources */ = {isa = PBXBuildFile; fileRef = CFBB2DE5274F5744003B1D2E /* DataModel.swift */; };
		CFC6E4B0276AFA5100B4FD06 /* SDWebImageSwiftUI in Frameworks */ = {isa = PBXBuildFile; productRef = CFC6E4AF276AFA5100B4FD06 /* SDWebImageSwiftUI */; };
		CFC6E4B4276DFA3E00B4FD06 /* AboutView.swift in Sources */ = {isa = PBXBuildFile; fileRef = CFC6E4B3276DFA3E00B4FD06 /* AboutView.swift */; };
		CFC6E4B6276E1E0300B4FD06 /* LoginView.swift in Sources */ = {isa = PBXBuildFile; fileRef = CFC6E4B5276E1E0300B4FD06 /* LoginView.swift */; };
		CFC6E4B8276E1E1A00B4FD06 /* Store.swift in Sources */ = {isa = PBXBuildFile; fileRef = CFC6E4B7276E1E1A00B4FD06 /* Store.swift */; };
		CFC6E4BA276E1E3100B4FD06 /* Player.swift in Sources */ = {isa = PBXBuildFile; fileRef = CFC6E4B9276E1E3100B4FD06 /* Player.swift */; };
		CFC6E4BF276E1ECD00B4FD06 /* AppState.swift in Sources */ = {isa = PBXBuildFile; fileRef = CFC6E4BE276E1ECD00B4FD06 /* AppState.swift */; };
		CFC6E4C1276E1EF100B4FD06 /* AppAction.swift in Sources */ = {isa = PBXBuildFile; fileRef = CFC6E4C0276E1EF100B4FD06 /* AppAction.swift */; };
		CFC6E4C3276E1F2D00B4FD06 /* AppCommand.swift in Sources */ = {isa = PBXBuildFile; fileRef = CFC6E4C2276E1F2D00B4FD06 /* AppCommand.swift */; };
		CFC6E4C6276E1F6300B4FD06 /* NeteaseCloudMusicApi.swift in Sources */ = {isa = PBXBuildFile; fileRef = CFC6E4C5276E1F6300B4FD06 /* NeteaseCloudMusicApi.swift */; };
		CFC6E4CB276E201600B4FD06 /* CloudUploadResponse.swift in Sources */ = {isa = PBXBuildFile; fileRef = CFC6E4CA276E201600B4FD06 /* CloudUploadResponse.swift */; };
		CFC6E4D1276E211600B4FD06 /* AppError.swift in Sources */ = {isa = PBXBuildFile; fileRef = CFC6E4D0276E211600B4FD06 /* AppError.swift */; };
		CFC6E4D4276E21E600B4FD06 /* JSONHelper.swift in Sources */ = {isa = PBXBuildFile; fileRef = CFC6E4D3276E21E600B4FD06 /* JSONHelper.swift */; };
		CFC6E4D6276E224E00B4FD06 /* NeteaseCloudMusicResponse.swift in Sources */ = {isa = PBXBuildFile; fileRef = CFC6E4D5276E224E00B4FD06 /* NeteaseCloudMusicResponse.swift */; };
		CFC6E4D9276E230300B4FD06 /* AlbumDetailAction.swift in Sources */ = {isa = PBXBuildFile; fileRef = CFC6E4D8276E230300B4FD06 /* AlbumDetailAction.swift */; };
		CFC6E4DB276E235600B4FD06 /* AlbumSubAction.swift in Sources */ = {isa = PBXBuildFile; fileRef = CFC6E4DA276E235600B4FD06 /* AlbumSubAction.swift */; };
		CFC6E4DD276E23AF00B4FD06 /* AlbumSublistAction.swift in Sources */ = {isa = PBXBuildFile; fileRef = CFC6E4DC276E23AF00B4FD06 /* AlbumSublistAction.swift */; };
		CFC6E4DF276E23CA00B4FD06 /* ArtistAlbumsAction.swift in Sources */ = {isa = PBXBuildFile; fileRef = CFC6E4DE276E23CA00B4FD06 /* ArtistAlbumsAction.swift */; };
		CFC6E4E1276E23F000B4FD06 /* ArtistHotSongsAction.swift in Sources */ = {isa = PBXBuildFile; fileRef = CFC6E4E0276E23F000B4FD06 /* ArtistHotSongsAction.swift */; };
		CFC6E4E3276E241800B4FD06 /* ArtistIntroductionAction.swift in Sources */ = {isa = PBXBuildFile; fileRef = CFC6E4E2276E241800B4FD06 /* ArtistIntroductionAction.swift */; };
		CFC6E4E5276E244400B4FD06 /* ArtistMVAction.swift in Sources */ = {isa = PBXBuildFile; fileRef = CFC6E4E4276E244400B4FD06 /* ArtistMVAction.swift */; };
		CFC6E4E7276E246600B4FD06 /* ArtistSubAction.swift in Sources */ = {isa = PBXBuildFile; fileRef = CFC6E4E6276E246600B4FD06 /* ArtistSubAction.swift */; };
		CFC6E4E9276E248200B4FD06 /* ArtistSublistAction.swift in Sources */ = {isa = PBXBuildFile; fileRef = CFC6E4E8276E248200B4FD06 /* ArtistSublistAction.swift */; };
		CFC6E4EB276E24BF00B4FD06 /* CloudSongAddAction.swift in Sources */ = {isa = PBXBuildFile; fileRef = CFC6E4EA276E24BF00B4FD06 /* CloudSongAddAction.swift */; };
		CFC6E4ED276E24D400B4FD06 /* CloudUploadAction.swift in Sources */ = {isa = PBXBuildFile; fileRef = CFC6E4EC276E24D400B4FD06 /* CloudUploadAction.swift */; };
		CFC6E4EF276E256800B4FD06 /* CloudUploadCheckAction.swift in Sources */ = {isa = PBXBuildFile; fileRef = CFC6E4EE276E256800B4FD06 /* CloudUploadCheckAction.swift */; };
		CFC6E4F1276E258D00B4FD06 /* CloudUploadInfoAction.swift in Sources */ = {isa = PBXBuildFile; fileRef = CFC6E4F0276E258D00B4FD06 /* CloudUploadInfoAction.swift */; };
		CFC6E4F3276E259B00B4FD06 /* CloudUploadTokenAction.swift in Sources */ = {isa = PBXBuildFile; fileRef = CFC6E4F2276E259B00B4FD06 /* CloudUploadTokenAction.swift */; };
		CFC6E4F5276E25D900B4FD06 /* CommentAction.swift in Sources */ = {isa = PBXBuildFile; fileRef = CFC6E4F4276E25D900B4FD06 /* CommentAction.swift */; };
		CFC6E4F7276E263900B4FD06 /* CommentLikeAction.swift in Sources */ = {isa = PBXBuildFile; fileRef = CFC6E4F6276E263900B4FD06 /* CommentLikeAction.swift */; };
		CFC6E4F9276E265300B4FD06 /* CommentSongAction.swift in Sources */ = {isa = PBXBuildFile; fileRef = CFC6E4F8276E265300B4FD06 /* CommentSongAction.swift */; };
		CFC6E4FB276E26AE00B4FD06 /* LoginAction.swift in Sources */ = {isa = PBXBuildFile; fileRef = CFC6E4FA276E26AE00B4FD06 /* LoginAction.swift */; };
		CFC6E4FD276E26C300B4FD06 /* LoginRefreshAction.swift in Sources */ = {isa = PBXBuildFile; fileRef = CFC6E4FC276E26C300B4FD06 /* LoginRefreshAction.swift */; };
		CFC6E4FF276E26D800B4FD06 /* LogoutAction.swift in Sources */ = {isa = PBXBuildFile; fileRef = CFC6E4FE276E26D800B4FD06 /* LogoutAction.swift */; };
		CFC6E501276EBFBC00B4FD06 /* MVDetasilAction.swift in Sources */ = {isa = PBXBuildFile; fileRef = CFC6E500276EBFBC00B4FD06 /* MVDetasilAction.swift */; };
		CFC6E503276EBFCE00B4FD06 /* MVURLAction.swift in Sources */ = {isa = PBXBuildFile; fileRef = CFC6E502276EBFCE00B4FD06 /* MVURLAction.swift */; };
		CFC6E505276EBFE600B4FD06 /* PlaylistCatalogueAction.swift in Sources */ = {isa = PBXBuildFile; fileRef = CFC6E504276EBFE600B4FD06 /* PlaylistCatalogueAction.swift */; };
		CFC6E507276EC00900B4FD06 /* PlaylistCreateAction.swift in Sources */ = {isa = PBXBuildFile; fileRef = CFC6E506276EC00900B4FD06 /* PlaylistCreateAction.swift */; };
		CFC6E509276EC02200B4FD06 /* PlaylistDeleteAction.swift in Sources */ = {isa = PBXBuildFile; fileRef = CFC6E508276EC02200B4FD06 /* PlaylistDeleteAction.swift */; };
		CFC6E50B276EC03700B4FD06 /* PlaylistDetailAction.swift in Sources */ = {isa = PBXBuildFile; fileRef = CFC6E50A276EC03700B4FD06 /* PlaylistDetailAction.swift */; };
		CFC6E50D276EC04F00B4FD06 /* PlaylistListAction.swift in Sources */ = {isa = PBXBuildFile; fileRef = CFC6E50C276EC04F00B4FD06 /* PlaylistListAction.swift */; };
		CFC6E50F276EC06200B4FD06 /* PlaylistOrderUpdateAction.swift in Sources */ = {isa = PBXBuildFile; fileRef = CFC6E50E276EC06200B4FD06 /* PlaylistOrderUpdateAction.swift */; };
		CFC6E511276EC07400B4FD06 /* PlaylistSubscribeAction.swift in Sources */ = {isa = PBXBuildFile; fileRef = CFC6E510276EC07400B4FD06 /* PlaylistSubscribeAction.swift */; };
		CFC6E513276EC08200B4FD06 /* PlaylistTracksAction.swift in Sources */ = {isa = PBXBuildFile; fileRef = CFC6E512276EC08200B4FD06 /* PlaylistTracksAction.swift */; };
		CFC6E515276EC09500B4FD06 /* RecommendPlaylistAction.swift in Sources */ = {isa = PBXBuildFile; fileRef = CFC6E514276EC09500B4FD06 /* RecommendPlaylistAction.swift */; };
		CFC6E517276EC0A500B4FD06 /* RecommendSongAction.swift in Sources */ = {isa = PBXBuildFile; fileRef = CFC6E516276EC0A500B4FD06 /* RecommendSongAction.swift */; };
		CFC6E519276EC14000B4FD06 /* SearchAction.swift in Sources */ = {isa = PBXBuildFile; fileRef = CFC6E518276EC14000B4FD06 /* SearchAction.swift */; };
		CFC6E51B276EC17300B4FD06 /* SongDetailAction.swift in Sources */ = {isa = PBXBuildFile; fileRef = CFC6E51A276EC17300B4FD06 /* SongDetailAction.swift */; };
		CFC6E51D276EC18500B4FD06 /* SongLikeAction.swift in Sources */ = {isa = PBXBuildFile; fileRef = CFC6E51C276EC18500B4FD06 /* SongLikeAction.swift */; };
		CFC6E51F276EC19700B4FD06 /* SongLikeListAction.swift in Sources */ = {isa = PBXBuildFile; fileRef = CFC6E51E276EC19700B4FD06 /* SongLikeListAction.swift */; };
		CFC6E521276EC1A900B4FD06 /* SongLyricAction.swift in Sources */ = {isa = PBXBuildFile; fileRef = CFC6E520276EC1A900B4FD06 /* SongLyricAction.swift */; };
		CFC6E523276EC1BA00B4FD06 /* SongOrderUpdateAction.swift in Sources */ = {isa = PBXBuildFile; fileRef = CFC6E522276EC1BA00B4FD06 /* SongOrderUpdateAction.swift */; };
		CFC6E525276EC1C700B4FD06 /* SongURLAction.swift in Sources */ = {isa = PBXBuildFile; fileRef = CFC6E524276EC1C700B4FD06 /* SongURLAction.swift */; };
		CFC6E527276EC1D700B4FD06 /* UserCloudAction.swift in Sources */ = {isa = PBXBuildFile; fileRef = CFC6E526276EC1D700B4FD06 /* UserCloudAction.swift */; };
		CFC6E529276EC1E700B4FD06 /* UserPlaylistAction.swift in Sources */ = {isa = PBXBuildFile; fileRef = CFC6E528276EC1E700B4FD06 /* UserPlaylistAction.swift */; };
		CFC6E52B276EC23800B4FD06 /* DataManager.swift in Sources */ = {isa = PBXBuildFile; fileRef = CFC6E52A276EC23800B4FD06 /* DataManager.swift */; };
		CFC6E535276ECAF300B4FD06 /* CoreDataModel.swift in Sources */ = {isa = PBXBuildFile; fileRef = CFC6E534276ECAF300B4FD06 /* CoreDataModel.swift */; };
		CFC74D4A274648E40073DD18 /* NoSignalApp.swift in Sources */ = {isa = PBXBuildFile; fileRef = CFC74D49274648E40073DD18 /* NoSignalApp.swift */; };
		CFC74D4C274648E40073DD18 /* ContentView.swift in Sources */ = {isa = PBXBuildFile; fileRef = CFC74D4B274648E40073DD18 /* ContentView.swift */; };
		CFC74D4E274648E70073DD18 /* Assets.xcassets in Resources */ = {isa = PBXBuildFile; fileRef = CFC74D4D274648E70073DD18 /* Assets.xcassets */; };
		CFC74D51274648E70073DD18 /* Preview Assets.xcassets in Resources */ = {isa = PBXBuildFile; fileRef = CFC74D50274648E70073DD18 /* Preview Assets.xcassets */; };
/* End PBXBuildFile section */

/* Begin PBXFileReference section */
		CF006EA3277345710009DB1B /* PlaylistViewModel.swift */ = {isa = PBXFileReference; lastKnownFileType = sourcecode.swift; path = PlaylistViewModel.swift; sourceTree = "<group>"; };
		CF006EA5277345EE0009DB1B /* LyricViewModel.swift */ = {isa = PBXFileReference; lastKnownFileType = sourcecode.swift; path = LyricViewModel.swift; sourceTree = "<group>"; };
		CF006EA7277346200009DB1B /* DiscoverPlaylistViewModel.swift */ = {isa = PBXFileReference; lastKnownFileType = sourcecode.swift; path = DiscoverPlaylistViewModel.swift; sourceTree = "<group>"; };
		CF006EA92773464C0009DB1B /* QinCoverView.swift */ = {isa = PBXFileReference; lastKnownFileType = sourcecode.swift; path = QinCoverView.swift; sourceTree = "<group>"; };
		CF006EB927734A5E0009DB1B /* LyricParser.swift */ = {isa = PBXFileReference; lastKnownFileType = sourcecode.swift; path = LyricParser.swift; sourceTree = "<group>"; };
		CF006EBB27734A960009DB1B /* QinBackgroundView.swift */ = {isa = PBXFileReference; lastKnownFileType = sourcecode.swift; path = QinBackgroundView.swift; sourceTree = "<group>"; };
		CF006EBD27734BA10009DB1B /* URLExtension.swift */ = {isa = PBXFileReference; lastKnownFileType = sourcecode.swift; path = URLExtension.swift; sourceTree = "<group>"; };
		CF006EBF27734C1E0009DB1B /* NeteaseSong.swift */ = {isa = PBXFileReference; lastKnownFileType = sourcecode.swift; path = NeteaseSong.swift; sourceTree = "<group>"; };
		CF006EC127734CA50009DB1B /* UserStorageHelper.swift */ = {isa = PBXFileReference; lastKnownFileType = sourcecode.swift; path = UserStorageHelper.swift; sourceTree = "<group>"; };
		CF006EC327734CFF0009DB1B /* CaseIterableExtension.swift */ = {isa = PBXFileReference; lastKnownFileType = sourcecode.swift; path = CaseIterableExtension.swift; sourceTree = "<group>"; };
		CF006EC527734D200009DB1B /* AudioSessionManager.swift */ = {isa = PBXFileReference; lastKnownFileType = sourcecode.swift; path = AudioSessionManager.swift; sourceTree = "<group>"; };
		CF006EC727734E5F0009DB1B /* QinSFView.swift */ = {isa = PBXFileReference; lastKnownFileType = sourcecode.swift; path = QinSFView.swift; sourceTree = "<group>"; };
		CF006EC927734E830009DB1B /* ColorExtension.swift */ = {isa = PBXFileReference; lastKnownFileType = sourcecode.swift; path = ColorExtension.swift; sourceTree = "<group>"; };
		CF13DBDF27474DC1005900E8 /* PlaylistCardView.swift */ = {isa = PBXFileReference; lastKnownFileType = sourcecode.swift; path = PlaylistCardView.swift; sourceTree = "<group>"; };
		CF468790274CAED5002B957F /* AppleMusicAPI.swift */ = {isa = PBXFileReference; lastKnownFileType = sourcecode.swift; path = AppleMusicAPI.swift; sourceTree = "<group>"; };
		CF468795274CE839002B957F /* NowPlayingView.swift */ = {isa = PBXFileReference; lastKnownFileType = sourcecode.swift; path = NowPlayingView.swift; sourceTree = "<group>"; };
		CF47D09B2747492100831C75 /* Model.swift */ = {isa = PBXFileReference; lastKnownFileType = sourcecode.swift; path = Model.swift; sourceTree = "<group>"; };
		CF47D09D27474C9600831C75 /* PlaylistView.swift */ = {isa = PBXFileReference; lastKnownFileType = sourcecode.swift; path = PlaylistView.swift; sourceTree = "<group>"; };
		CF47D09F27474CB500831C75 /* LibraryView.swift */ = {isa = PBXFileReference; lastKnownFileType = sourcecode.swift; path = LibraryView.swift; sourceTree = "<group>"; };
		CF70393D274898AE008A599C /* UserView.swift */ = {isa = PBXFileReference; lastKnownFileType = sourcecode.swift; path = UserView.swift; sourceTree = "<group>"; };
		CF70394027489C38008A599C /* ProfileHeader.swift */ = {isa = PBXFileReference; lastKnownFileType = sourcecode.swift; path = ProfileHeader.swift; sourceTree = "<group>"; };
		CF703BA3274BCC79008A599C /* PlaybackFullscreenView.swift */ = {isa = PBXFileReference; fileEncoding = 4; lastKnownFileType = sourcecode.swift; path = PlaybackFullscreenView.swift; sourceTree = "<group>"; };
		CF703BA4274BCC79008A599C /* PlayingProgressView.swift */ = {isa = PBXFileReference; fileEncoding = 4; lastKnownFileType = sourcecode.swift; path = PlayingProgressView.swift; sourceTree = "<group>"; };
		CF703BA6274BCC79008A599C /* InvisibleRefreshView.swift */ = {isa = PBXFileReference; fileEncoding = 4; lastKnownFileType = sourcecode.swift; path = InvisibleRefreshView.swift; sourceTree = "<group>"; };
		CF703BA7274BCC79008A599C /* PlaybackbarView.swift */ = {isa = PBXFileReference; fileEncoding = 4; lastKnownFileType = sourcecode.swift; path = PlaybackbarView.swift; sourceTree = "<group>"; };
		CF703BA8274BCC79008A599C /* PlayPauseButton.swift */ = {isa = PBXFileReference; fileEncoding = 4; lastKnownFileType = sourcecode.swift; path = PlayPauseButton.swift; sourceTree = "<group>"; };
		CF703BAE274BCD5A008A599C /* AppleMusicPlayListDetailView.swift */ = {isa = PBXFileReference; fileEncoding = 4; lastKnownFileType = sourcecode.swift; path = AppleMusicPlayListDetailView.swift; sourceTree = "<group>"; };
		CF703BB2274BDD5D008A599C /* SearchView.swift */ = {isa = PBXFileReference; fileEncoding = 4; lastKnownFileType = sourcecode.swift; path = SearchView.swift; sourceTree = "<group>"; };
		CF703BB4274BDD5D008A599C /* RemoteSongCardView.swift */ = {isa = PBXFileReference; fileEncoding = 4; lastKnownFileType = sourcecode.swift; path = RemoteSongCardView.swift; sourceTree = "<group>"; };
		CF79C4EA2774BED400778F6A /* ArtistSublistView.swift */ = {isa = PBXFileReference; lastKnownFileType = sourcecode.swift; path = ArtistSublistView.swift; sourceTree = "<group>"; };
		CF79C4EC2774BF0C00778F6A /* FetchedArtistDetailView.swift */ = {isa = PBXFileReference; lastKnownFileType = sourcecode.swift; path = FetchedArtistDetailView.swift; sourceTree = "<group>"; };
		CF79C4EE2774BF4B00778F6A /* FetchedPlaylistDetailView.swift */ = {isa = PBXFileReference; lastKnownFileType = sourcecode.swift; path = FetchedPlaylistDetailView.swift; sourceTree = "<group>"; };
		CF79C4F02774BF6400778F6A /* PlayingNowButtonView.swift */ = {isa = PBXFileReference; lastKnownFileType = sourcecode.swift; path = PlayingNowButtonView.swift; sourceTree = "<group>"; };
		CF79C4F22775B3E900778F6A /* SwiftUIExtension.swift */ = {isa = PBXFileReference; lastKnownFileType = sourcecode.swift; path = SwiftUIExtension.swift; sourceTree = "<group>"; };
		CF79C4F42775B41B00778F6A /* DescriptionView.swift */ = {isa = PBXFileReference; lastKnownFileType = sourcecode.swift; path = DescriptionView.swift; sourceTree = "<group>"; };
		CF79C4F62775B43600778F6A /* PlaylistSongsManageView.swift */ = {isa = PBXFileReference; lastKnownFileType = sourcecode.swift; path = PlaylistSongsManageView.swift; sourceTree = "<group>"; };
		CF79C4F82775B46500778F6A /* SongListView.swift */ = {isa = PBXFileReference; lastKnownFileType = sourcecode.swift; path = SongListView.swift; sourceTree = "<group>"; };
		CF79C4FA2775B49300778F6A /* PlayingNowView.swift */ = {isa = PBXFileReference; lastKnownFileType = sourcecode.swift; path = PlayingNowView.swift; sourceTree = "<group>"; };
		CF79C4FC2775B4B300778F6A /* CreatedPlaylistView.swift */ = {isa = PBXFileReference; lastKnownFileType = sourcecode.swift; path = CreatedPlaylistView.swift; sourceTree = "<group>"; };
		CF79C4FE2775B4C800778F6A /* CommonGridItemView.swift */ = {isa = PBXFileReference; lastKnownFileType = sourcecode.swift; path = CommonGridItemView.swift; sourceTree = "<group>"; };
		CF79C5002775B4E200778F6A /* PlaylistManageView.swift */ = {isa = PBXFileReference; lastKnownFileType = sourcecode.swift; path = PlaylistManageView.swift; sourceTree = "<group>"; };
		CF79C5022775B50100778F6A /* QinSongRowView.swift */ = {isa = PBXFileReference; lastKnownFileType = sourcecode.swift; path = QinSongRowView.swift; sourceTree = "<group>"; };
		CF79C5042775B67100778F6A /* ViewModifier.swift */ = {isa = PBXFileReference; lastKnownFileType = sourcecode.swift; path = ViewModifier.swift; sourceTree = "<group>"; };
		CF79C5062775B68F00778F6A /* SubedPlaylistView.swift */ = {isa = PBXFileReference; lastKnownFileType = sourcecode.swift; path = SubedPlaylistView.swift; sourceTree = "<group>"; };
		CF79C5082775B69E00778F6A /* SubedAlbumsView.swift */ = {isa = PBXFileReference; lastKnownFileType = sourcecode.swift; path = SubedAlbumsView.swift; sourceTree = "<group>"; };
		CF79C50A2775B6B500778F6A /* FetchedAlbumDetailView.swift */ = {isa = PBXFileReference; lastKnownFileType = sourcecode.swift; path = FetchedAlbumDetailView.swift; sourceTree = "<group>"; };
		CF79C50C2775B6CC00778F6A /* FetchedMVDetailView.swift */ = {isa = PBXFileReference; lastKnownFileType = sourcecode.swift; path = FetchedMVDetailView.swift; sourceTree = "<group>"; };
		CF79C50E2775B6FF00778F6A /* LyricView.swift */ = {isa = PBXFileReference; lastKnownFileType = sourcecode.swift; path = LyricView.swift; sourceTree = "<group>"; };
		CF79C5102775BBF900778F6A /* CryptoSwift */ = {isa = PBXFileReference; lastKnownFileType = wrapper; name = CryptoSwift; path = ../../../Downloads/CryptoSwift; sourceTree = "<group>"; };
		CF79C5112775BC0300778F6A /* Kingfisher */ = {isa = PBXFileReference; lastKnownFileType = wrapper; name = Kingfisher; path = ../../../Downloads/Kingfisher; sourceTree = "<group>"; };
		CF79C5122775BC0A00778F6A /* NeumorphismSwiftUI */ = {isa = PBXFileReference; lastKnownFileType = wrapper; name = NeumorphismSwiftUI; path = ../../../Downloads/NeumorphismSwiftUI; sourceTree = "<group>"; };
		CF79C5192775C31600778F6A /* SwiftUIHelper.swift */ = {isa = PBXFileReference; lastKnownFileType = sourcecode.swift; path = SwiftUIHelper.swift; sourceTree = "<group>"; };
		CF79C51D2775C38100778F6A /* CommentView.swift */ = {isa = PBXFileReference; lastKnownFileType = sourcecode.swift; path = CommentView.swift; sourceTree = "<group>"; };
		CF79C51F2775F66B00778F6A /* CommentViewModel.swift */ = {isa = PBXFileReference; lastKnownFileType = sourcecode.swift; path = CommentViewModel.swift; sourceTree = "<group>"; };
		CF79C5222775F6AD00778F6A /* NCMSearchSongResponse.swift */ = {isa = PBXFileReference; lastKnownFileType = sourcecode.swift; path = NCMSearchSongResponse.swift; sourceTree = "<group>"; };
		CF79C5262775F9F800778F6A /* DataModel.xcdatamodel */ = {isa = PBXFileReference; lastKnownFileType = wrapper.xcdatamodel; path = DataModel.xcdatamodel; sourceTree = "<group>"; };
		CF79C5282775FCC100778F6A /* PlayerControlBarView.swift */ = {isa = PBXFileReference; lastKnownFileType = sourcecode.swift; path = PlayerControlBarView.swift; sourceTree = "<group>"; };
		CF79C52A2775FD0700778F6A /* NeteaseSearchView.swift */ = {isa = PBXFileReference; lastKnownFileType = sourcecode.swift; path = NeteaseSearchView.swift; sourceTree = "<group>"; };
		CF79C52C2775FD4900778F6A /* DiscoverPlaylistView.swift */ = {isa = PBXFileReference; lastKnownFileType = sourcecode.swift; path = DiscoverPlaylistView.swift; sourceTree = "<group>"; };
		CF79C52E2775FD6100778F6A /* RecommendPlaylistView.swift */ = {isa = PBXFileReference; lastKnownFileType = sourcecode.swift; path = RecommendPlaylistView.swift; sourceTree = "<group>"; };
		CF79C5302775FDA700778F6A /* SearchViewModel.swift */ = {isa = PBXFileReference; lastKnownFileType = sourcecode.swift; path = SearchViewModel.swift; sourceTree = "<group>"; };
		CF82A688276AF8E500497374 /* SDWebImageSwiftUI */ = {isa = PBXFileReference; lastKnownFileType = wrapper; name = SDWebImageSwiftUI; path = ../../../Downloads/SDWebImageSwiftUI; sourceTree = "<group>"; };
		CF9A75E527475213007CD441 /* BlurView.swift */ = {isa = PBXFileReference; lastKnownFileType = sourcecode.swift; path = BlurView.swift; sourceTree = "<group>"; };
		CF9A75E727475AA8007CD441 /* Info.plist */ = {isa = PBXFileReference; lastKnownFileType = text.plist.xml; path = Info.plist; sourceTree = "<group>"; };
		CF9A75E827475F98007CD441 /* CornerRadius.swift */ = {isa = PBXFileReference; lastKnownFileType = sourcecode.swift; path = CornerRadius.swift; sourceTree = "<group>"; };
		CF9A75EB27476557007CD441 /* SongCardView.swift */ = {isa = PBXFileReference; lastKnownFileType = sourcecode.swift; path = SongCardView.swift; sourceTree = "<group>"; };
		CFBB2DDC274F1A51003B1D2E /* SongListViewModel.swift */ = {isa = PBXFileReference; lastKnownFileType = sourcecode.swift; path = SongListViewModel.swift; sourceTree = "<group>"; };
		CFBB2DDE274F1FCB003B1D2E /* EmptyStateView.swift */ = {isa = PBXFileReference; lastKnownFileType = sourcecode.swift; path = EmptyStateView.swift; sourceTree = "<group>"; };
		CFBB2DE3274F50B6003B1D2E /* SearchSongCardView.swift */ = {isa = PBXFileReference; lastKnownFileType = sourcecode.swift; path = SearchSongCardView.swift; sourceTree = "<group>"; };
		CFBB2DE5274F5744003B1D2E /* DataModel.swift */ = {isa = PBXFileReference; fileEncoding = 4; lastKnownFileType = sourcecode.swift; path = DataModel.swift; sourceTree = "<group>"; };
		CFC6E4B3276DFA3E00B4FD06 /* AboutView.swift */ = {isa = PBXFileReference; lastKnownFileType = sourcecode.swift; path = AboutView.swift; sourceTree = "<group>"; };
		CFC6E4B5276E1E0300B4FD06 /* LoginView.swift */ = {isa = PBXFileReference; lastKnownFileType = sourcecode.swift; path = LoginView.swift; sourceTree = "<group>"; };
		CFC6E4B7276E1E1A00B4FD06 /* Store.swift */ = {isa = PBXFileReference; lastKnownFileType = sourcecode.swift; path = Store.swift; sourceTree = "<group>"; };
		CFC6E4B9276E1E3100B4FD06 /* Player.swift */ = {isa = PBXFileReference; lastKnownFileType = sourcecode.swift; path = Player.swift; sourceTree = "<group>"; };
		CFC6E4BE276E1ECD00B4FD06 /* AppState.swift */ = {isa = PBXFileReference; lastKnownFileType = sourcecode.swift; path = AppState.swift; sourceTree = "<group>"; };
		CFC6E4C0276E1EF100B4FD06 /* AppAction.swift */ = {isa = PBXFileReference; lastKnownFileType = sourcecode.swift; path = AppAction.swift; sourceTree = "<group>"; };
		CFC6E4C2276E1F2D00B4FD06 /* AppCommand.swift */ = {isa = PBXFileReference; lastKnownFileType = sourcecode.swift; path = AppCommand.swift; sourceTree = "<group>"; };
		CFC6E4C5276E1F6300B4FD06 /* NeteaseCloudMusicApi.swift */ = {isa = PBXFileReference; lastKnownFileType = sourcecode.swift; path = NeteaseCloudMusicApi.swift; sourceTree = "<group>"; };
		CFC6E4CA276E201600B4FD06 /* CloudUploadResponse.swift */ = {isa = PBXFileReference; lastKnownFileType = sourcecode.swift; path = CloudUploadResponse.swift; sourceTree = "<group>"; };
		CFC6E4D0276E211600B4FD06 /* AppError.swift */ = {isa = PBXFileReference; fileEncoding = 4; lastKnownFileType = sourcecode.swift; path = AppError.swift; sourceTree = "<group>"; };
		CFC6E4D3276E21E600B4FD06 /* JSONHelper.swift */ = {isa = PBXFileReference; lastKnownFileType = sourcecode.swift; path = JSONHelper.swift; sourceTree = "<group>"; };
		CFC6E4D5276E224E00B4FD06 /* NeteaseCloudMusicResponse.swift */ = {isa = PBXFileReference; lastKnownFileType = sourcecode.swift; path = NeteaseCloudMusicResponse.swift; sourceTree = "<group>"; };
		CFC6E4D8276E230300B4FD06 /* AlbumDetailAction.swift */ = {isa = PBXFileReference; lastKnownFileType = sourcecode.swift; path = AlbumDetailAction.swift; sourceTree = "<group>"; };
		CFC6E4DA276E235600B4FD06 /* AlbumSubAction.swift */ = {isa = PBXFileReference; lastKnownFileType = sourcecode.swift; path = AlbumSubAction.swift; sourceTree = "<group>"; };
		CFC6E4DC276E23AF00B4FD06 /* AlbumSublistAction.swift */ = {isa = PBXFileReference; lastKnownFileType = sourcecode.swift; path = AlbumSublistAction.swift; sourceTree = "<group>"; };
		CFC6E4DE276E23CA00B4FD06 /* ArtistAlbumsAction.swift */ = {isa = PBXFileReference; lastKnownFileType = sourcecode.swift; path = ArtistAlbumsAction.swift; sourceTree = "<group>"; };
		CFC6E4E0276E23F000B4FD06 /* ArtistHotSongsAction.swift */ = {isa = PBXFileReference; lastKnownFileType = sourcecode.swift; path = ArtistHotSongsAction.swift; sourceTree = "<group>"; };
		CFC6E4E2276E241800B4FD06 /* ArtistIntroductionAction.swift */ = {isa = PBXFileReference; lastKnownFileType = sourcecode.swift; path = ArtistIntroductionAction.swift; sourceTree = "<group>"; };
		CFC6E4E4276E244400B4FD06 /* ArtistMVAction.swift */ = {isa = PBXFileReference; lastKnownFileType = sourcecode.swift; path = ArtistMVAction.swift; sourceTree = "<group>"; };
		CFC6E4E6276E246600B4FD06 /* ArtistSubAction.swift */ = {isa = PBXFileReference; lastKnownFileType = sourcecode.swift; path = ArtistSubAction.swift; sourceTree = "<group>"; };
		CFC6E4E8276E248200B4FD06 /* ArtistSublistAction.swift */ = {isa = PBXFileReference; lastKnownFileType = sourcecode.swift; path = ArtistSublistAction.swift; sourceTree = "<group>"; };
		CFC6E4EA276E24BF00B4FD06 /* CloudSongAddAction.swift */ = {isa = PBXFileReference; lastKnownFileType = sourcecode.swift; path = CloudSongAddAction.swift; sourceTree = "<group>"; };
		CFC6E4EC276E24D400B4FD06 /* CloudUploadAction.swift */ = {isa = PBXFileReference; lastKnownFileType = sourcecode.swift; path = CloudUploadAction.swift; sourceTree = "<group>"; };
		CFC6E4EE276E256800B4FD06 /* CloudUploadCheckAction.swift */ = {isa = PBXFileReference; lastKnownFileType = sourcecode.swift; path = CloudUploadCheckAction.swift; sourceTree = "<group>"; };
		CFC6E4F0276E258D00B4FD06 /* CloudUploadInfoAction.swift */ = {isa = PBXFileReference; lastKnownFileType = sourcecode.swift; path = CloudUploadInfoAction.swift; sourceTree = "<group>"; };
		CFC6E4F2276E259B00B4FD06 /* CloudUploadTokenAction.swift */ = {isa = PBXFileReference; lastKnownFileType = sourcecode.swift; path = CloudUploadTokenAction.swift; sourceTree = "<group>"; };
		CFC6E4F4276E25D900B4FD06 /* CommentAction.swift */ = {isa = PBXFileReference; lastKnownFileType = sourcecode.swift; path = CommentAction.swift; sourceTree = "<group>"; };
		CFC6E4F6276E263900B4FD06 /* CommentLikeAction.swift */ = {isa = PBXFileReference; lastKnownFileType = sourcecode.swift; path = CommentLikeAction.swift; sourceTree = "<group>"; };
		CFC6E4F8276E265300B4FD06 /* CommentSongAction.swift */ = {isa = PBXFileReference; lastKnownFileType = sourcecode.swift; path = CommentSongAction.swift; sourceTree = "<group>"; };
		CFC6E4FA276E26AE00B4FD06 /* LoginAction.swift */ = {isa = PBXFileReference; lastKnownFileType = sourcecode.swift; path = LoginAction.swift; sourceTree = "<group>"; };
		CFC6E4FC276E26C300B4FD06 /* LoginRefreshAction.swift */ = {isa = PBXFileReference; lastKnownFileType = sourcecode.swift; path = LoginRefreshAction.swift; sourceTree = "<group>"; };
		CFC6E4FE276E26D800B4FD06 /* LogoutAction.swift */ = {isa = PBXFileReference; lastKnownFileType = sourcecode.swift; path = LogoutAction.swift; sourceTree = "<group>"; };
		CFC6E500276EBFBC00B4FD06 /* MVDetasilAction.swift */ = {isa = PBXFileReference; lastKnownFileType = sourcecode.swift; path = MVDetasilAction.swift; sourceTree = "<group>"; };
		CFC6E502276EBFCE00B4FD06 /* MVURLAction.swift */ = {isa = PBXFileReference; lastKnownFileType = sourcecode.swift; path = MVURLAction.swift; sourceTree = "<group>"; };
		CFC6E504276EBFE600B4FD06 /* PlaylistCatalogueAction.swift */ = {isa = PBXFileReference; lastKnownFileType = sourcecode.swift; path = PlaylistCatalogueAction.swift; sourceTree = "<group>"; };
		CFC6E506276EC00900B4FD06 /* PlaylistCreateAction.swift */ = {isa = PBXFileReference; lastKnownFileType = sourcecode.swift; path = PlaylistCreateAction.swift; sourceTree = "<group>"; };
		CFC6E508276EC02200B4FD06 /* PlaylistDeleteAction.swift */ = {isa = PBXFileReference; lastKnownFileType = sourcecode.swift; path = PlaylistDeleteAction.swift; sourceTree = "<group>"; };
		CFC6E50A276EC03700B4FD06 /* PlaylistDetailAction.swift */ = {isa = PBXFileReference; lastKnownFileType = sourcecode.swift; path = PlaylistDetailAction.swift; sourceTree = "<group>"; };
		CFC6E50C276EC04F00B4FD06 /* PlaylistListAction.swift */ = {isa = PBXFileReference; lastKnownFileType = sourcecode.swift; path = PlaylistListAction.swift; sourceTree = "<group>"; };
		CFC6E50E276EC06200B4FD06 /* PlaylistOrderUpdateAction.swift */ = {isa = PBXFileReference; lastKnownFileType = sourcecode.swift; path = PlaylistOrderUpdateAction.swift; sourceTree = "<group>"; };
		CFC6E510276EC07400B4FD06 /* PlaylistSubscribeAction.swift */ = {isa = PBXFileReference; lastKnownFileType = sourcecode.swift; path = PlaylistSubscribeAction.swift; sourceTree = "<group>"; };
		CFC6E512276EC08200B4FD06 /* PlaylistTracksAction.swift */ = {isa = PBXFileReference; lastKnownFileType = sourcecode.swift; path = PlaylistTracksAction.swift; sourceTree = "<group>"; };
		CFC6E514276EC09500B4FD06 /* RecommendPlaylistAction.swift */ = {isa = PBXFileReference; lastKnownFileType = sourcecode.swift; path = RecommendPlaylistAction.swift; sourceTree = "<group>"; };
		CFC6E516276EC0A500B4FD06 /* RecommendSongAction.swift */ = {isa = PBXFileReference; lastKnownFileType = sourcecode.swift; path = RecommendSongAction.swift; sourceTree = "<group>"; };
		CFC6E518276EC14000B4FD06 /* SearchAction.swift */ = {isa = PBXFileReference; lastKnownFileType = sourcecode.swift; path = SearchAction.swift; sourceTree = "<group>"; };
		CFC6E51A276EC17300B4FD06 /* SongDetailAction.swift */ = {isa = PBXFileReference; lastKnownFileType = sourcecode.swift; path = SongDetailAction.swift; sourceTree = "<group>"; };
		CFC6E51C276EC18500B4FD06 /* SongLikeAction.swift */ = {isa = PBXFileReference; lastKnownFileType = sourcecode.swift; path = SongLikeAction.swift; sourceTree = "<group>"; };
		CFC6E51E276EC19700B4FD06 /* SongLikeListAction.swift */ = {isa = PBXFileReference; lastKnownFileType = sourcecode.swift; path = SongLikeListAction.swift; sourceTree = "<group>"; };
		CFC6E520276EC1A900B4FD06 /* SongLyricAction.swift */ = {isa = PBXFileReference; lastKnownFileType = sourcecode.swift; path = SongLyricAction.swift; sourceTree = "<group>"; };
		CFC6E522276EC1BA00B4FD06 /* SongOrderUpdateAction.swift */ = {isa = PBXFileReference; lastKnownFileType = sourcecode.swift; path = SongOrderUpdateAction.swift; sourceTree = "<group>"; };
		CFC6E524276EC1C700B4FD06 /* SongURLAction.swift */ = {isa = PBXFileReference; lastKnownFileType = sourcecode.swift; path = SongURLAction.swift; sourceTree = "<group>"; };
		CFC6E526276EC1D700B4FD06 /* UserCloudAction.swift */ = {isa = PBXFileReference; lastKnownFileType = sourcecode.swift; path = UserCloudAction.swift; sourceTree = "<group>"; };
		CFC6E528276EC1E700B4FD06 /* UserPlaylistAction.swift */ = {isa = PBXFileReference; lastKnownFileType = sourcecode.swift; path = UserPlaylistAction.swift; sourceTree = "<group>"; };
		CFC6E52A276EC23800B4FD06 /* DataManager.swift */ = {isa = PBXFileReference; lastKnownFileType = sourcecode.swift; path = DataManager.swift; sourceTree = "<group>"; };
		CFC6E534276ECAF300B4FD06 /* CoreDataModel.swift */ = {isa = PBXFileReference; lastKnownFileType = sourcecode.swift; path = CoreDataModel.swift; sourceTree = "<group>"; };
		CFC74D46274648E40073DD18 /* NoSignal.app */ = {isa = PBXFileReference; explicitFileType = wrapper.application; includeInIndex = 0; path = NoSignal.app; sourceTree = BUILT_PRODUCTS_DIR; };
		CFC74D49274648E40073DD18 /* NoSignalApp.swift */ = {isa = PBXFileReference; lastKnownFileType = sourcecode.swift; path = NoSignalApp.swift; sourceTree = "<group>"; };
		CFC74D4B274648E40073DD18 /* ContentView.swift */ = {isa = PBXFileReference; lastKnownFileType = sourcecode.swift; path = ContentView.swift; sourceTree = "<group>"; };
		CFC74D4D274648E70073DD18 /* Assets.xcassets */ = {isa = PBXFileReference; lastKnownFileType = folder.assetcatalog; path = Assets.xcassets; sourceTree = "<group>"; };
		CFC74D50274648E70073DD18 /* Preview Assets.xcassets */ = {isa = PBXFileReference; lastKnownFileType = folder.assetcatalog; path = "Preview Assets.xcassets"; sourceTree = "<group>"; };
/* End PBXFileReference section */

/* Begin PBXFrameworksBuildPhase section */
		CFC74D43274648E40073DD18 /* Frameworks */ = {
			isa = PBXFrameworksBuildPhase;
			buildActionMask = 2147483647;
			files = (
				CF79C5182775BC2000778F6A /* Kingfisher in Frameworks */,
				CFC6E4B0276AFA5100B4FD06 /* SDWebImageSwiftUI in Frameworks */,
				CF79C5142775BC1100778F6A /* CryptoSwift in Frameworks */,
				CF79C5162775BC1400778F6A /* NeumorphismSwiftUI in Frameworks */,
			);
			runOnlyForDeploymentPostprocessing = 0;
		};
/* End PBXFrameworksBuildPhase section */

/* Begin PBXGroup section */
		CF006EAE277348AD0009DB1B /* State */ = {
			isa = PBXGroup;
			children = (
				CFC6E4B7276E1E1A00B4FD06 /* Store.swift */,
				CFC6E4C2276E1F2D00B4FD06 /* AppCommand.swift */,
				CFC6E4D0276E211600B4FD06 /* AppError.swift */,
				CFC6E4C0276E1EF100B4FD06 /* AppAction.swift */,
				CFC6E4BE276E1ECD00B4FD06 /* AppState.swift */,
			);
			path = State;
			sourceTree = "<group>";
		};
		CF46878A274C821C002B957F /* Packages */ = {
			isa = PBXGroup;
			children = (
				CF82A688276AF8E500497374 /* SDWebImageSwiftUI */,
				CF79C5102775BBF900778F6A /* CryptoSwift */,
				CF79C5112775BC0300778F6A /* Kingfisher */,
				CF79C5122775BC0A00778F6A /* NeumorphismSwiftUI */,
			);
			name = Packages;
			sourceTree = "<group>";
		};
		CF46878D274CAC4D002B957F /* Frameworks */ = {
			isa = PBXGroup;
			children = (
			);
			name = Frameworks;
			sourceTree = "<group>";
		};
		CF468797274D009F002B957F /* View */ = {
			isa = PBXGroup;
			children = (
				CF9FED662747945D00E46F8E /* Song */,
				CF703BB1274BDD5D008A599C /* Search */,
				CF9A75EA2747604E007CD441 /* Helpers */,
				CF9FED652747934E00E46F8E /* Playlist */,
				CF9FED672747946A00E46F8E /* Library */,
				CF703BA2274BCC79008A599C /* PlayingItem */,
				CF70393F27489C1B008A599C /* UserInfo */,
				CF79C4EA2774BED400778F6A /* ArtistSublistView.swift */,
				CF79C4EC2774BF0C00778F6A /* FetchedArtistDetailView.swift */,
				CF79C50A2775B6B500778F6A /* FetchedAlbumDetailView.swift */,
				CF79C4EE2774BF4B00778F6A /* FetchedPlaylistDetailView.swift */,
				CF79C50C2775B6CC00778F6A /* FetchedMVDetailView.swift */,
				CF79C50E2775B6FF00778F6A /* LyricView.swift */,
				CF79C4F82775B46500778F6A /* SongListView.swift */,
				CF79C4FA2775B49300778F6A /* PlayingNowView.swift */,
				CF79C51D2775C38100778F6A /* CommentView.swift */,
				CF79C4FC2775B4B300778F6A /* CreatedPlaylistView.swift */,
				CF79C5042775B67100778F6A /* ViewModifier.swift */,
				CF79C5062775B68F00778F6A /* SubedPlaylistView.swift */,
				CF79C5082775B69E00778F6A /* SubedAlbumsView.swift */,
				CF79C5002775B4E200778F6A /* PlaylistManageView.swift */,
				CF79C4FE2775B4C800778F6A /* CommonGridItemView.swift */,
				CF79C4F42775B41B00778F6A /* DescriptionView.swift */,
			);
			path = View;
			sourceTree = "<group>";
		};
		CF70393F27489C1B008A599C /* UserInfo */ = {
			isa = PBXGroup;
			children = (
				CF70393D274898AE008A599C /* UserView.swift */,
				CFC6E4B5276E1E0300B4FD06 /* LoginView.swift */,
				CF70394027489C38008A599C /* ProfileHeader.swift */,
				CFC6E4B3276DFA3E00B4FD06 /* AboutView.swift */,
				CF006EC727734E5F0009DB1B /* QinSFView.swift */,
			);
			path = UserInfo;
			sourceTree = "<group>";
		};
		CF703BA2274BCC79008A599C /* PlayingItem */ = {
			isa = PBXGroup;
			children = (
				CF703BA5274BCC79008A599C /* Elements */,
				CF703BA7274BCC79008A599C /* PlaybackbarView.swift */,
				CF79C5282775FCC100778F6A /* PlayerControlBarView.swift */,
				CF703BA3274BCC79008A599C /* PlaybackFullscreenView.swift */,
				CF703BA4274BCC79008A599C /* PlayingProgressView.swift */,
				CF468795274CE839002B957F /* NowPlayingView.swift */,
			);
			path = PlayingItem;
			sourceTree = "<group>";
		};
		CF703BA5274BCC79008A599C /* Elements */ = {
			isa = PBXGroup;
			children = (
				CF79C4F02774BF6400778F6A /* PlayingNowButtonView.swift */,
				CF703BA6274BCC79008A599C /* InvisibleRefreshView.swift */,
				CF703BA8274BCC79008A599C /* PlayPauseButton.swift */,
			);
			path = Elements;
			sourceTree = "<group>";
		};
		CF703BB1274BDD5D008A599C /* Search */ = {
			isa = PBXGroup;
			children = (
				CFBB2DE2274F5036003B1D2E /* Discard */,
				CF703BB2274BDD5D008A599C /* SearchView.swift */,
				CFBB2DDC274F1A51003B1D2E /* SongListViewModel.swift */,
				CFBB2DE3274F50B6003B1D2E /* SearchSongCardView.swift */,
				CF79C52A2775FD0700778F6A /* NeteaseSearchView.swift */,
			);
			path = Search;
			sourceTree = "<group>";
		};
		CF79C5212775F69800778F6A /* Response */ = {
			isa = PBXGroup;
			children = (
				CF79C5222775F6AD00778F6A /* NCMSearchSongResponse.swift */,
			);
			path = Response;
			sourceTree = "<group>";
		};
		CF79C5242775F9E500778F6A /* Data */ = {
			isa = PBXGroup;
			children = (
				CF79C5252775F9F800778F6A /* DataModel.xcdatamodeld */,
				CFBB2DE5274F5744003B1D2E /* DataModel.swift */,
			);
			path = Data;
			sourceTree = "<group>";
		};
		CF9A75EA2747604E007CD441 /* Helpers */ = {
			isa = PBXGroup;
			children = (
				CF9A75E527475213007CD441 /* BlurView.swift */,
				CF9A75E827475F98007CD441 /* CornerRadius.swift */,
				CFBB2DDE274F1FCB003B1D2E /* EmptyStateView.swift */,
			);
			path = Helpers;
			sourceTree = "<group>";
		};
		CF9FED652747934E00E46F8E /* Playlist */ = {
			isa = PBXGroup;
			children = (
				CF79C52E2775FD6100778F6A /* RecommendPlaylistView.swift */,
				CF79C52C2775FD4900778F6A /* DiscoverPlaylistView.swift */,
				CF47D09D27474C9600831C75 /* PlaylistView.swift */,
				CF13DBDF27474DC1005900E8 /* PlaylistCardView.swift */,
				CF79C4F62775B43600778F6A /* PlaylistSongsManageView.swift */,
				CF703BAE274BCD5A008A599C /* AppleMusicPlayListDetailView.swift */,
			);
			path = Playlist;
			sourceTree = "<group>";
		};
		CF9FED662747945D00E46F8E /* Song */ = {
			isa = PBXGroup;
			children = (
				CF79C5022775B50100778F6A /* QinSongRowView.swift */,
			);
			path = Song;
			sourceTree = "<group>";
		};
		CF9FED672747946A00E46F8E /* Library */ = {
			isa = PBXGroup;
			children = (
				CF47D09F27474CB500831C75 /* LibraryView.swift */,
				CF9A75EB27476557007CD441 /* SongCardView.swift */,
			);
			path = Library;
			sourceTree = "<group>";
		};
		CF9FED682747947900E46F8E /* Model */ = {
			isa = PBXGroup;
			children = (
				CF006EBF27734C1E0009DB1B /* NeteaseSong.swift */,
				CF006EC527734D200009DB1B /* AudioSessionManager.swift */,
				CF006EB927734A5E0009DB1B /* LyricParser.swift */,
				CF006EA3277345710009DB1B /* PlaylistViewModel.swift */,
				CF006EA92773464C0009DB1B /* QinCoverView.swift */,
				CF79C51F2775F66B00778F6A /* CommentViewModel.swift */,
				CF006EBB27734A960009DB1B /* QinBackgroundView.swift */,
				CF006EA7277346200009DB1B /* DiscoverPlaylistViewModel.swift */,
				CF006EA5277345EE0009DB1B /* LyricViewModel.swift */,
				CFC6E4B9276E1E3100B4FD06 /* Player.swift */,
				CF47D09B2747492100831C75 /* Model.swift */,
			);
			path = Model;
			sourceTree = "<group>";
		};
		CFBB2DE2274F5036003B1D2E /* Discard */ = {
			isa = PBXGroup;
			children = (
				CF703BB4274BDD5D008A599C /* RemoteSongCardView.swift */,
				CF468790274CAED5002B957F /* AppleMusicAPI.swift */,
			);
			path = Discard;
			sourceTree = "<group>";
		};
		CFC6E4C4276E1F4B00B4FD06 /* NeteaseCloudMusicAPI */ = {
			isa = PBXGroup;
			children = (
				CF79C5212775F69800778F6A /* Response */,
				CFC6E4D7276E22D600B4FD06 /* Action */,
				CFC6E4C5276E1F6300B4FD06 /* NeteaseCloudMusicApi.swift */,
				CFC6E4D5276E224E00B4FD06 /* NeteaseCloudMusicResponse.swift */,
				CFC6E4CA276E201600B4FD06 /* CloudUploadResponse.swift */,
			);
			path = NeteaseCloudMusicAPI;
			sourceTree = "<group>";
		};
		CFC6E4D2276E215A00B4FD06 /* Extension */ = {
			isa = PBXGroup;
			children = (
				CFC6E4D3276E21E600B4FD06 /* JSONHelper.swift */,
				CF006EC127734CA50009DB1B /* UserStorageHelper.swift */,
				CF79C4F22775B3E900778F6A /* SwiftUIExtension.swift */,
				CF79C5192775C31600778F6A /* SwiftUIHelper.swift */,
				CFC6E52A276EC23800B4FD06 /* DataManager.swift */,
				CF006EC927734E830009DB1B /* ColorExtension.swift */,
				CF006EC327734CFF0009DB1B /* CaseIterableExtension.swift */,
				CF79C5302775FDA700778F6A /* SearchViewModel.swift */,
				CFC6E534276ECAF300B4FD06 /* CoreDataModel.swift */,
				CF006EBD27734BA10009DB1B /* URLExtension.swift */,
			);
			name = Extension;
			path = /Users/student9/Desktop/MOSAD2021/NoSignal/NoSignal/Extension;
			sourceTree = "<absolute>";
		};
		CFC6E4D7276E22D600B4FD06 /* Action */ = {
			isa = PBXGroup;
			children = (
				CFC6E4D8276E230300B4FD06 /* AlbumDetailAction.swift */,
				CFC6E4DA276E235600B4FD06 /* AlbumSubAction.swift */,
				CFC6E4DC276E23AF00B4FD06 /* AlbumSublistAction.swift */,
				CFC6E4DE276E23CA00B4FD06 /* ArtistAlbumsAction.swift */,
				CFC6E4E0276E23F000B4FD06 /* ArtistHotSongsAction.swift */,
				CFC6E4E2276E241800B4FD06 /* ArtistIntroductionAction.swift */,
				CFC6E4E4276E244400B4FD06 /* ArtistMVAction.swift */,
				CFC6E4E6276E246600B4FD06 /* ArtistSubAction.swift */,
				CFC6E4E8276E248200B4FD06 /* ArtistSublistAction.swift */,
				CFC6E4EA276E24BF00B4FD06 /* CloudSongAddAction.swift */,
				CFC6E4EC276E24D400B4FD06 /* CloudUploadAction.swift */,
				CFC6E4EE276E256800B4FD06 /* CloudUploadCheckAction.swift */,
				CFC6E4F0276E258D00B4FD06 /* CloudUploadInfoAction.swift */,
				CFC6E4F2276E259B00B4FD06 /* CloudUploadTokenAction.swift */,
				CFC6E4F4276E25D900B4FD06 /* CommentAction.swift */,
				CFC6E4F6276E263900B4FD06 /* CommentLikeAction.swift */,
				CFC6E4F8276E265300B4FD06 /* CommentSongAction.swift */,
				CFC6E4FA276E26AE00B4FD06 /* LoginAction.swift */,
				CFC6E4FC276E26C300B4FD06 /* LoginRefreshAction.swift */,
				CFC6E4FE276E26D800B4FD06 /* LogoutAction.swift */,
				CFC6E500276EBFBC00B4FD06 /* MVDetasilAction.swift */,
				CFC6E502276EBFCE00B4FD06 /* MVURLAction.swift */,
				CFC6E504276EBFE600B4FD06 /* PlaylistCatalogueAction.swift */,
				CFC6E506276EC00900B4FD06 /* PlaylistCreateAction.swift */,
				CFC6E508276EC02200B4FD06 /* PlaylistDeleteAction.swift */,
				CFC6E50A276EC03700B4FD06 /* PlaylistDetailAction.swift */,
				CFC6E50C276EC04F00B4FD06 /* PlaylistListAction.swift */,
				CFC6E50E276EC06200B4FD06 /* PlaylistOrderUpdateAction.swift */,
				CFC6E510276EC07400B4FD06 /* PlaylistSubscribeAction.swift */,
				CFC6E512276EC08200B4FD06 /* PlaylistTracksAction.swift */,
				CFC6E514276EC09500B4FD06 /* RecommendPlaylistAction.swift */,
				CFC6E516276EC0A500B4FD06 /* RecommendSongAction.swift */,
				CFC6E518276EC14000B4FD06 /* SearchAction.swift */,
				CFC6E51A276EC17300B4FD06 /* SongDetailAction.swift */,
				CFC6E51C276EC18500B4FD06 /* SongLikeAction.swift */,
				CFC6E51E276EC19700B4FD06 /* SongLikeListAction.swift */,
				CFC6E520276EC1A900B4FD06 /* SongLyricAction.swift */,
				CFC6E522276EC1BA00B4FD06 /* SongOrderUpdateAction.swift */,
				CFC6E524276EC1C700B4FD06 /* SongURLAction.swift */,
				CFC6E526276EC1D700B4FD06 /* UserCloudAction.swift */,
				CFC6E528276EC1E700B4FD06 /* UserPlaylistAction.swift */,
			);
			path = Action;
			sourceTree = "<group>";
		};
		CFC74D3D274648E40073DD18 = {
			isa = PBXGroup;
			children = (
				CF46878A274C821C002B957F /* Packages */,
				CFC74D48274648E40073DD18 /* NoSignal */,
				CFC74D47274648E40073DD18 /* Products */,
				CF46878D274CAC4D002B957F /* Frameworks */,
			);
			sourceTree = "<group>";
		};
		CFC74D47274648E40073DD18 /* Products */ = {
			isa = PBXGroup;
			children = (
				CFC74D46274648E40073DD18 /* NoSignal.app */,
			);
			name = Products;
			sourceTree = "<group>";
		};
		CFC74D48274648E40073DD18 /* NoSignal */ = {
			isa = PBXGroup;
			children = (
				CFC74D49274648E40073DD18 /* NoSignalApp.swift */,
				CFC74D4B274648E40073DD18 /* ContentView.swift */,
				CF79C5242775F9E500778F6A /* Data */,
				CF006EAE277348AD0009DB1B /* State */,
				CFC6E4D2276E215A00B4FD06 /* Extension */,
				CFC6E4C4276E1F4B00B4FD06 /* NeteaseCloudMusicAPI */,
				CF9FED682747947900E46F8E /* Model */,
				CF468797274D009F002B957F /* View */,
				CF9A75E727475AA8007CD441 /* Info.plist */,
				CFC74D4D274648E70073DD18 /* Assets.xcassets */,
				CFC74D4F274648E70073DD18 /* Preview Content */,
			);
			path = NoSignal;
			sourceTree = "<group>";
		};
		CFC74D4F274648E70073DD18 /* Preview Content */ = {
			isa = PBXGroup;
			children = (
				CFC74D50274648E70073DD18 /* Preview Assets.xcassets */,
			);
			path = "Preview Content";
			sourceTree = "<group>";
		};
/* End PBXGroup section */

/* Begin PBXNativeTarget section */
		CFC74D45274648E40073DD18 /* NoSignal */ = {
			isa = PBXNativeTarget;
			buildConfigurationList = CFC74D54274648E70073DD18 /* Build configuration list for PBXNativeTarget "NoSignal" */;
			buildPhases = (
				CFC74D42274648E40073DD18 /* Sources */,
				CFC74D43274648E40073DD18 /* Frameworks */,
				CFC74D44274648E40073DD18 /* Resources */,
			);
			buildRules = (
			);
			dependencies = (
			);
			name = NoSignal;
			packageProductDependencies = (
				CFC6E4AF276AFA5100B4FD06 /* SDWebImageSwiftUI */,
				CF79C5132775BC1100778F6A /* CryptoSwift */,
				CF79C5152775BC1400778F6A /* NeumorphismSwiftUI */,
				CF79C5172775BC2000778F6A /* Kingfisher */,
			);
			productName = NoSignal;
			productReference = CFC74D46274648E40073DD18 /* NoSignal.app */;
			productType = "com.apple.product-type.application";
		};
/* End PBXNativeTarget section */

/* Begin PBXProject section */
		CFC74D3E274648E40073DD18 /* Project object */ = {
			isa = PBXProject;
			attributes = {
				BuildIndependentTargetsInParallel = 1;
				LastSwiftUpdateCheck = 1310;
				LastUpgradeCheck = 1310;
				TargetAttributes = {
					CFC74D45274648E40073DD18 = {
						CreatedOnToolsVersion = 13.1;
					};
				};
			};
			buildConfigurationList = CFC74D41274648E40073DD18 /* Build configuration list for PBXProject "NoSignal" */;
			compatibilityVersion = "Xcode 13.0";
			developmentRegion = en;
			hasScannedForEncodings = 0;
			knownRegions = (
				en,
				Base,
			);
			mainGroup = CFC74D3D274648E40073DD18;
			productRefGroup = CFC74D47274648E40073DD18 /* Products */;
			projectDirPath = "";
			projectRoot = "";
			targets = (
				CFC74D45274648E40073DD18 /* NoSignal */,
			);
		};
/* End PBXProject section */

/* Begin PBXResourcesBuildPhase section */
		CFC74D44274648E40073DD18 /* Resources */ = {
			isa = PBXResourcesBuildPhase;
			buildActionMask = 2147483647;
			files = (
				CFC74D51274648E70073DD18 /* Preview Assets.xcassets in Resources */,
				CFC74D4E274648E70073DD18 /* Assets.xcassets in Resources */,
			);
			runOnlyForDeploymentPostprocessing = 0;
		};
/* End PBXResourcesBuildPhase section */

/* Begin PBXSourcesBuildPhase section */
		CFC74D42274648E40073DD18 /* Sources */ = {
			isa = PBXSourcesBuildPhase;
			buildActionMask = 2147483647;
			files = (
				CF47D09C2747492100831C75 /* Model.swift in Sources */,
				CFC6E4E5276E244400B4FD06 /* ArtistMVAction.swift in Sources */,
				CF79C5232775F6AD00778F6A /* NCMSearchSongResponse.swift in Sources */,
				CFC6E511276EC07400B4FD06 /* PlaylistSubscribeAction.swift in Sources */,
				CFC6E4B6276E1E0300B4FD06 /* LoginView.swift in Sources */,
				CFC6E4D1276E211600B4FD06 /* AppError.swift in Sources */,
				CFC6E4FF276E26D800B4FD06 /* LogoutAction.swift in Sources */,
				CFC6E51F276EC19700B4FD06 /* SongLikeListAction.swift in Sources */,
				CF9A75E927475F98007CD441 /* CornerRadius.swift in Sources */,
				CFBB2DDD274F1A51003B1D2E /* SongListViewModel.swift in Sources */,
				CFC6E501276EBFBC00B4FD06 /* MVDetasilAction.swift in Sources */,
				CF006EC027734C1E0009DB1B /* NeteaseSong.swift in Sources */,
				CFC6E4E1276E23F000B4FD06 /* ArtistHotSongsAction.swift in Sources */,
				CFC6E4C1276E1EF100B4FD06 /* AppAction.swift in Sources */,
				CF9A75E627475213007CD441 /* BlurView.swift in Sources */,
				CFC6E517276EC0A500B4FD06 /* RecommendSongAction.swift in Sources */,
				CFC6E4DD276E23AF00B4FD06 /* AlbumSublistAction.swift in Sources */,
				CF703BAF274BCD5B008A599C /* AppleMusicPlayListDetailView.swift in Sources */,
				CFC6E4FB276E26AE00B4FD06 /* LoginAction.swift in Sources */,
				CFC6E4D9276E230300B4FD06 /* AlbumDetailAction.swift in Sources */,
				CF468796274CE839002B957F /* NowPlayingView.swift in Sources */,
				CFC6E4E9276E248200B4FD06 /* ArtistSublistAction.swift in Sources */,
				CF79C4FF2775B4C800778F6A /* CommonGridItemView.swift in Sources */,
				CFC6E505276EBFE600B4FD06 /* PlaylistCatalogueAction.swift in Sources */,
				CF703BA9274BCC7A008A599C /* PlaybackFullscreenView.swift in Sources */,
				CF79C5272775F9F800778F6A /* DataModel.xcdatamodeld in Sources */,
				CFC6E4B4276DFA3E00B4FD06 /* AboutView.swift in Sources */,
				CF006EC627734D200009DB1B /* AudioSessionManager.swift in Sources */,
				CF006EA8277346200009DB1B /* DiscoverPlaylistViewModel.swift in Sources */,
				CFC6E4ED276E24D400B4FD06 /* CloudUploadAction.swift in Sources */,
				CFC6E52B276EC23800B4FD06 /* DataManager.swift in Sources */,
				CF79C4F52775B41B00778F6A /* DescriptionView.swift in Sources */,
				CFC6E4C6276E1F6300B4FD06 /* NeteaseCloudMusicApi.swift in Sources */,
				CF006EBA27734A5E0009DB1B /* LyricParser.swift in Sources */,
				CF79C51A2775C31600778F6A /* SwiftUIHelper.swift in Sources */,
				CFC6E507276EC00900B4FD06 /* PlaylistCreateAction.swift in Sources */,
				CFC6E513276EC08200B4FD06 /* PlaylistTracksAction.swift in Sources */,
				CF79C4EB2774BED400778F6A /* ArtistSublistView.swift in Sources */,
				CF703BAB274BCC7A008A599C /* InvisibleRefreshView.swift in Sources */,
				CFC6E4BF276E1ECD00B4FD06 /* AppState.swift in Sources */,
				CF79C5012775B4E200778F6A /* PlaylistManageView.swift in Sources */,
				CFC6E51D276EC18500B4FD06 /* SongLikeAction.swift in Sources */,
				CFC74D4C274648E40073DD18 /* ContentView.swift in Sources */,
				CFC6E4CB276E201600B4FD06 /* CloudUploadResponse.swift in Sources */,
				CF13DBE027474DC1005900E8 /* PlaylistCardView.swift in Sources */,
				CF79C50B2775B6B500778F6A /* FetchedAlbumDetailView.swift in Sources */,
				CFC6E50F276EC06200B4FD06 /* PlaylistOrderUpdateAction.swift in Sources */,
				CF006EC827734E5F0009DB1B /* QinSFView.swift in Sources */,
				CFC6E4BA276E1E3100B4FD06 /* Player.swift in Sources */,
				CF70393E274898AE008A599C /* UserView.swift in Sources */,
				CF79C5202775F66B00778F6A /* CommentViewModel.swift in Sources */,
				CFC6E4D4276E21E600B4FD06 /* JSONHelper.swift in Sources */,
				CF79C4FD2775B4B300778F6A /* CreatedPlaylistView.swift in Sources */,
				CFC6E503276EBFCE00B4FD06 /* MVURLAction.swift in Sources */,
				CF79C52F2775FD6100778F6A /* RecommendPlaylistView.swift in Sources */,
				CFC6E4DF276E23CA00B4FD06 /* ArtistAlbumsAction.swift in Sources */,
				CF006ECA27734E830009DB1B /* ColorExtension.swift in Sources */,
				CF70394127489C38008A599C /* ProfileHeader.swift in Sources */,
				CF79C5292775FCC100778F6A /* PlayerControlBarView.swift in Sources */,
				CFC6E515276EC09500B4FD06 /* RecommendPlaylistAction.swift in Sources */,
				CF79C5052775B67100778F6A /* ViewModifier.swift in Sources */,
				CFC6E50D276EC04F00B4FD06 /* PlaylistListAction.swift in Sources */,
				CFC6E4B8276E1E1A00B4FD06 /* Store.swift in Sources */,
				CF703BB5274BDD5D008A599C /* SearchView.swift in Sources */,
				CF006EC227734CA50009DB1B /* UserStorageHelper.swift in Sources */,
				CF006EA4277345710009DB1B /* PlaylistViewModel.swift in Sources */,
				CF703BAA274BCC7A008A599C /* PlayingProgressView.swift in Sources */,
				CF79C51E2775C38100778F6A /* CommentView.swift in Sources */,
				CFC6E4E7276E246600B4FD06 /* ArtistSubAction.swift in Sources */,
				CFC6E4F7276E263900B4FD06 /* CommentLikeAction.swift in Sources */,
				CFC6E525276EC1C700B4FD06 /* SongURLAction.swift in Sources */,
				CFC6E4F9276E265300B4FD06 /* CommentSongAction.swift in Sources */,
				CF79C5032775B50100778F6A /* QinSongRowView.swift in Sources */,
				CF79C50D2775B6CC00778F6A /* FetchedMVDetailView.swift in Sources */,
				CFC6E529276EC1E700B4FD06 /* UserPlaylistAction.swift in Sources */,
				CF47D09E27474C9600831C75 /* PlaylistView.swift in Sources */,
				CF47D0A027474CB500831C75 /* LibraryView.swift in Sources */,
				CFC6E4C3276E1F2D00B4FD06 /* AppCommand.swift in Sources */,
				CFC6E523276EC1BA00B4FD06 /* SongOrderUpdateAction.swift in Sources */,
				CF79C4F72775B43600778F6A /* PlaylistSongsManageView.swift in Sources */,
				CFC6E4EB276E24BF00B4FD06 /* CloudSongAddAction.swift in Sources */,
				CF79C4F32775B3E900778F6A /* SwiftUIExtension.swift in Sources */,
				CF79C4F92775B46500778F6A /* SongListView.swift in Sources */,
				CFBB2DDF274F1FCB003B1D2E /* EmptyStateView.swift in Sources */,
				CFC6E4F3276E259B00B4FD06 /* CloudUploadTokenAction.swift in Sources */,
				CFC6E527276EC1D700B4FD06 /* UserCloudAction.swift in Sources */,
				CFC6E535276ECAF300B4FD06 /* CoreDataModel.swift in Sources */,
				CFBB2DE4274F50B6003B1D2E /* SearchSongCardView.swift in Sources */,
				CFBB2DE6274F5744003B1D2E /* DataModel.swift in Sources */,
				CF703BB7274BDD5D008A599C /* RemoteSongCardView.swift in Sources */,
				CF79C4F12774BF6400778F6A /* PlayingNowButtonView.swift in Sources */,
				CF79C5092775B69E00778F6A /* SubedAlbumsView.swift in Sources */,
				CF79C5312775FDA700778F6A /* SearchViewModel.swift in Sources */,
				CF79C52D2775FD4900778F6A /* DiscoverPlaylistView.swift in Sources */,
				CF468791274CAED5002B957F /* AppleMusicAPI.swift in Sources */,
				CF703BAC274BCC7A008A599C /* PlaybackbarView.swift in Sources */,
				CFC6E51B276EC17300B4FD06 /* SongDetailAction.swift in Sources */,
				CF79C4EF2774BF4B00778F6A /* FetchedPlaylistDetailView.swift in Sources */,
				CFC6E4F1276E258D00B4FD06 /* CloudUploadInfoAction.swift in Sources */,
				CFC6E50B276EC03700B4FD06 /* PlaylistDetailAction.swift in Sources */,
				CFC6E521276EC1A900B4FD06 /* SongLyricAction.swift in Sources */,
				CF006EAA2773464C0009DB1B /* QinCoverView.swift in Sources */,
				CF79C50F2775B6FF00778F6A /* LyricView.swift in Sources */,
				CF006EC427734CFF0009DB1B /* CaseIterableExtension.swift in Sources */,
				CF703BAD274BCC7A008A599C /* PlayPauseButton.swift in Sources */,
				CFC6E4F5276E25D900B4FD06 /* CommentAction.swift in Sources */,
				CF006EBE27734BA10009DB1B /* URLExtension.swift in Sources */,
				CF006EA6277345EE0009DB1B /* LyricViewModel.swift in Sources */,
				CF79C5072775B68F00778F6A /* SubedPlaylistView.swift in Sources */,
				CFC6E509276EC02200B4FD06 /* PlaylistDeleteAction.swift in Sources */,
				CFC6E4DB276E235600B4FD06 /* AlbumSubAction.swift in Sources */,
				CF79C4ED2774BF0C00778F6A /* FetchedArtistDetailView.swift in Sources */,
				CFC6E519276EC14000B4FD06 /* SearchAction.swift in Sources */,
				CF79C4FB2775B49300778F6A /* PlayingNowView.swift in Sources */,
				CFC6E4E3276E241800B4FD06 /* ArtistIntroductionAction.swift in Sources */,
				CF006EBC27734A960009DB1B /* QinBackgroundView.swift in Sources */,
				CFC6E4EF276E256800B4FD06 /* CloudUploadCheckAction.swift in Sources */,
				CF9A75EC27476558007CD441 /* SongCardView.swift in Sources */,
				CFC6E4FD276E26C300B4FD06 /* LoginRefreshAction.swift in Sources */,
				CFC6E4D6276E224E00B4FD06 /* NeteaseCloudMusicResponse.swift in Sources */,
				CFC74D4A274648E40073DD18 /* NoSignalApp.swift in Sources */,
				CF79C52B2775FD0700778F6A /* NeteaseSearchView.swift in Sources */,
			);
			runOnlyForDeploymentPostprocessing = 0;
		};
/* End PBXSourcesBuildPhase section */

/* Begin XCBuildConfiguration section */
		CFC74D52274648E70073DD18 /* Debug */ = {
			isa = XCBuildConfiguration;
			buildSettings = {
				ALWAYS_SEARCH_USER_PATHS = NO;
				CLANG_ANALYZER_NONNULL = YES;
				CLANG_ANALYZER_NUMBER_OBJECT_CONVERSION = YES_AGGRESSIVE;
				CLANG_CXX_LANGUAGE_STANDARD = "gnu++17";
				CLANG_CXX_LIBRARY = "libc++";
				CLANG_ENABLE_MODULES = YES;
				CLANG_ENABLE_OBJC_ARC = YES;
				CLANG_ENABLE_OBJC_WEAK = YES;
				CLANG_WARN_BLOCK_CAPTURE_AUTORELEASING = YES;
				CLANG_WARN_BOOL_CONVERSION = YES;
				CLANG_WARN_COMMA = YES;
				CLANG_WARN_CONSTANT_CONVERSION = YES;
				CLANG_WARN_DEPRECATED_OBJC_IMPLEMENTATIONS = YES;
				CLANG_WARN_DIRECT_OBJC_ISA_USAGE = YES_ERROR;
				CLANG_WARN_DOCUMENTATION_COMMENTS = YES;
				CLANG_WARN_EMPTY_BODY = YES;
				CLANG_WARN_ENUM_CONVERSION = YES;
				CLANG_WARN_INFINITE_RECURSION = YES;
				CLANG_WARN_INT_CONVERSION = YES;
				CLANG_WARN_NON_LITERAL_NULL_CONVERSION = YES;
				CLANG_WARN_OBJC_IMPLICIT_RETAIN_SELF = YES;
				CLANG_WARN_OBJC_LITERAL_CONVERSION = YES;
				CLANG_WARN_OBJC_ROOT_CLASS = YES_ERROR;
				CLANG_WARN_QUOTED_INCLUDE_IN_FRAMEWORK_HEADER = YES;
				CLANG_WARN_RANGE_LOOP_ANALYSIS = YES;
				CLANG_WARN_STRICT_PROTOTYPES = YES;
				CLANG_WARN_SUSPICIOUS_MOVE = YES;
				CLANG_WARN_UNGUARDED_AVAILABILITY = YES_AGGRESSIVE;
				CLANG_WARN_UNREACHABLE_CODE = YES;
				CLANG_WARN__DUPLICATE_METHOD_MATCH = YES;
				COPY_PHASE_STRIP = NO;
				DEBUG_INFORMATION_FORMAT = dwarf;
				ENABLE_STRICT_OBJC_MSGSEND = YES;
				ENABLE_TESTABILITY = YES;
				GCC_C_LANGUAGE_STANDARD = gnu11;
				GCC_DYNAMIC_NO_PIC = NO;
				GCC_NO_COMMON_BLOCKS = YES;
				GCC_OPTIMIZATION_LEVEL = 0;
				GCC_PREPROCESSOR_DEFINITIONS = (
					"DEBUG=1",
					"$(inherited)",
				);
				GCC_WARN_64_TO_32_BIT_CONVERSION = YES;
				GCC_WARN_ABOUT_RETURN_TYPE = YES_ERROR;
				GCC_WARN_UNDECLARED_SELECTOR = YES;
				GCC_WARN_UNINITIALIZED_AUTOS = YES_AGGRESSIVE;
				GCC_WARN_UNUSED_FUNCTION = YES;
				GCC_WARN_UNUSED_VARIABLE = YES;
				IPHONEOS_DEPLOYMENT_TARGET = 15.0;
				MTL_ENABLE_DEBUG_INFO = INCLUDE_SOURCE;
				MTL_FAST_MATH = YES;
				ONLY_ACTIVE_ARCH = YES;
				SDKROOT = iphoneos;
				SWIFT_ACTIVE_COMPILATION_CONDITIONS = DEBUG;
				SWIFT_OPTIMIZATION_LEVEL = "-Onone";
			};
			name = Debug;
		};
		CFC74D53274648E70073DD18 /* Release */ = {
			isa = XCBuildConfiguration;
			buildSettings = {
				ALWAYS_SEARCH_USER_PATHS = NO;
				CLANG_ANALYZER_NONNULL = YES;
				CLANG_ANALYZER_NUMBER_OBJECT_CONVERSION = YES_AGGRESSIVE;
				CLANG_CXX_LANGUAGE_STANDARD = "gnu++17";
				CLANG_CXX_LIBRARY = "libc++";
				CLANG_ENABLE_MODULES = YES;
				CLANG_ENABLE_OBJC_ARC = YES;
				CLANG_ENABLE_OBJC_WEAK = YES;
				CLANG_WARN_BLOCK_CAPTURE_AUTORELEASING = YES;
				CLANG_WARN_BOOL_CONVERSION = YES;
				CLANG_WARN_COMMA = YES;
				CLANG_WARN_CONSTANT_CONVERSION = YES;
				CLANG_WARN_DEPRECATED_OBJC_IMPLEMENTATIONS = YES;
				CLANG_WARN_DIRECT_OBJC_ISA_USAGE = YES_ERROR;
				CLANG_WARN_DOCUMENTATION_COMMENTS = YES;
				CLANG_WARN_EMPTY_BODY = YES;
				CLANG_WARN_ENUM_CONVERSION = YES;
				CLANG_WARN_INFINITE_RECURSION = YES;
				CLANG_WARN_INT_CONVERSION = YES;
				CLANG_WARN_NON_LITERAL_NULL_CONVERSION = YES;
				CLANG_WARN_OBJC_IMPLICIT_RETAIN_SELF = YES;
				CLANG_WARN_OBJC_LITERAL_CONVERSION = YES;
				CLANG_WARN_OBJC_ROOT_CLASS = YES_ERROR;
				CLANG_WARN_QUOTED_INCLUDE_IN_FRAMEWORK_HEADER = YES;
				CLANG_WARN_RANGE_LOOP_ANALYSIS = YES;
				CLANG_WARN_STRICT_PROTOTYPES = YES;
				CLANG_WARN_SUSPICIOUS_MOVE = YES;
				CLANG_WARN_UNGUARDED_AVAILABILITY = YES_AGGRESSIVE;
				CLANG_WARN_UNREACHABLE_CODE = YES;
				CLANG_WARN__DUPLICATE_METHOD_MATCH = YES;
				COPY_PHASE_STRIP = NO;
				DEBUG_INFORMATION_FORMAT = "dwarf-with-dsym";
				ENABLE_NS_ASSERTIONS = NO;
				ENABLE_STRICT_OBJC_MSGSEND = YES;
				GCC_C_LANGUAGE_STANDARD = gnu11;
				GCC_NO_COMMON_BLOCKS = YES;
				GCC_WARN_64_TO_32_BIT_CONVERSION = YES;
				GCC_WARN_ABOUT_RETURN_TYPE = YES_ERROR;
				GCC_WARN_UNDECLARED_SELECTOR = YES;
				GCC_WARN_UNINITIALIZED_AUTOS = YES_AGGRESSIVE;
				GCC_WARN_UNUSED_FUNCTION = YES;
				GCC_WARN_UNUSED_VARIABLE = YES;
				IPHONEOS_DEPLOYMENT_TARGET = 15.0;
				MTL_ENABLE_DEBUG_INFO = NO;
				MTL_FAST_MATH = YES;
				SDKROOT = iphoneos;
				SWIFT_COMPILATION_MODE = wholemodule;
				SWIFT_OPTIMIZATION_LEVEL = "-O";
				VALIDATE_PRODUCT = YES;
			};
			name = Release;
		};
		CFC74D55274648E70073DD18 /* Debug */ = {
			isa = XCBuildConfiguration;
			buildSettings = {
				ASSETCATALOG_COMPILER_APPICON_NAME = AppIcon;
				ASSETCATALOG_COMPILER_GLOBAL_ACCENT_COLOR_NAME = AccentColor;
				CODE_SIGN_IDENTITY = "iPhone Developer";
				CODE_SIGN_STYLE = Automatic;
				CURRENT_PROJECT_VERSION = 1;
				DEVELOPMENT_ASSET_PATHS = "NoSignal/Preview\\ Content";
				DEVELOPMENT_TEAM = L7GRKRAL8S;
				ENABLE_PREVIEWS = YES;
				GENERATE_INFOPLIST_FILE = YES;
				INFOPLIST_FILE = NoSignal/Info.plist;
				INFOPLIST_KEY_NSAppleMusicUsageDescription = "This app requires Apple Music library access to play music tracks.";
				INFOPLIST_KEY_UIApplicationSceneManifest_Generation = YES;
				INFOPLIST_KEY_UIApplicationSupportsIndirectInputEvents = YES;
				INFOPLIST_KEY_UILaunchScreen_Generation = YES;
				INFOPLIST_KEY_UISupportedInterfaceOrientations_iPad = "UIInterfaceOrientationPortrait UIInterfaceOrientationPortraitUpsideDown UIInterfaceOrientationLandscapeLeft UIInterfaceOrientationLandscapeRight";
				INFOPLIST_KEY_UISupportedInterfaceOrientations_iPhone = "UIInterfaceOrientationPortrait UIInterfaceOrientationLandscapeLeft UIInterfaceOrientationLandscapeRight";
				LD_RUNPATH_SEARCH_PATHS = (
					"$(inherited)",
					"@executable_path/Frameworks",
				);
				MARKETING_VERSION = 1.0;
				PRODUCT_BUNDLE_IDENTIFIER = com.LiaoYuxuanAdbean;
				PRODUCT_NAME = "$(TARGET_NAME)";
				SWIFT_EMIT_LOC_STRINGS = YES;
				SWIFT_VERSION = 5.0;
				TARGETED_DEVICE_FAMILY = "1,2";
			};
			name = Debug;
		};
		CFC74D56274648E70073DD18 /* Release */ = {
			isa = XCBuildConfiguration;
			buildSettings = {
				ASSETCATALOG_COMPILER_APPICON_NAME = AppIcon;
				ASSETCATALOG_COMPILER_GLOBAL_ACCENT_COLOR_NAME = AccentColor;
				CODE_SIGN_IDENTITY = "iPhone Developer";
				CODE_SIGN_STYLE = Automatic;
				CURRENT_PROJECT_VERSION = 1;
				DEVELOPMENT_ASSET_PATHS = "NoSignal/Preview\\ Content";
				DEVELOPMENT_TEAM = L7GRKRAL8S;
				ENABLE_PREVIEWS = YES;
				GENERATE_INFOPLIST_FILE = YES;
				INFOPLIST_FILE = NoSignal/Info.plist;
				INFOPLIST_KEY_NSAppleMusicUsageDescription = "This app requires Apple Music library access to play music tracks.";
				INFOPLIST_KEY_UIApplicationSceneManifest_Generation = YES;
				INFOPLIST_KEY_UIApplicationSupportsIndirectInputEvents = YES;
				INFOPLIST_KEY_UILaunchScreen_Generation = YES;
				INFOPLIST_KEY_UISupportedInterfaceOrientations_iPad = "UIInterfaceOrientationPortrait UIInterfaceOrientationPortraitUpsideDown UIInterfaceOrientationLandscapeLeft UIInterfaceOrientationLandscapeRight";
				INFOPLIST_KEY_UISupportedInterfaceOrientations_iPhone = "UIInterfaceOrientationPortrait UIInterfaceOrientationLandscapeLeft UIInterfaceOrientationLandscapeRight";
				LD_RUNPATH_SEARCH_PATHS = (
					"$(inherited)",
					"@executable_path/Frameworks",
				);
				MARKETING_VERSION = 1.0;
				PRODUCT_BUNDLE_IDENTIFIER = com.LiaoYuxuanAdbean;
				PRODUCT_NAME = "$(TARGET_NAME)";
				SWIFT_EMIT_LOC_STRINGS = YES;
				SWIFT_VERSION = 5.0;
				TARGETED_DEVICE_FAMILY = "1,2";
			};
			name = Release;
		};
/* End XCBuildConfiguration section */

/* Begin XCConfigurationList section */
		CFC74D41274648E40073DD18 /* Build configuration list for PBXProject "NoSignal" */ = {
			isa = XCConfigurationList;
			buildConfigurations = (
				CFC74D52274648E70073DD18 /* Debug */,
				CFC74D53274648E70073DD18 /* Release */,
			);
			defaultConfigurationIsVisible = 0;
			defaultConfigurationName = Release;
		};
		CFC74D54274648E70073DD18 /* Build configuration list for PBXNativeTarget "NoSignal" */ = {
			isa = XCConfigurationList;
			buildConfigurations = (
				CFC74D55274648E70073DD18 /* Debug */,
				CFC74D56274648E70073DD18 /* Release */,
			);
			defaultConfigurationIsVisible = 0;
			defaultConfigurationName = Release;
		};
/* End XCConfigurationList section */

/* Begin XCSwiftPackageProductDependency section */
		CF79C5132775BC1100778F6A /* CryptoSwift */ = {
			isa = XCSwiftPackageProductDependency;
			productName = CryptoSwift;
		};
		CF79C5152775BC1400778F6A /* NeumorphismSwiftUI */ = {
			isa = XCSwiftPackageProductDependency;
			productName = NeumorphismSwiftUI;
		};
		CF79C5172775BC2000778F6A /* Kingfisher */ = {
			isa = XCSwiftPackageProductDependency;
			productName = Kingfisher;
		};
		CFC6E4AF276AFA5100B4FD06 /* SDWebImageSwiftUI */ = {
			isa = XCSwiftPackageProductDependency;
			productName = SDWebImageSwiftUI;
		};
/* End XCSwiftPackageProductDependency section */

/* Begin XCVersionGroup section */
		CF79C5252775F9F800778F6A /* DataModel.xcdatamodeld */ = {
			isa = XCVersionGroup;
			children = (
				CF79C5262775F9F800778F6A /* DataModel.xcdatamodel */,
			);
			currentVersion = CF79C5262775F9F800778F6A /* DataModel.xcdatamodel */;
			path = DataModel.xcdatamodeld;
			sourceTree = "<group>";
			versionGroupType = wrapper.xcdatamodel;
		};
/* End XCVersionGroup section */
	};
	rootObject = CFC74D3E274648E40073DD18 /* Project object */;
}
